// !$*UTF8*$!
{
	archiveVersion = 1;
	classes = {
	};
	objectVersion = 54;
	objects = {

/* Begin PBXBuildFile section */
		3E601DCA21F8BBE40062E095 /* ProtocolStubbedTestCase.swift in Sources */ = {isa = PBXBuildFile; fileRef = 3E601DC921F8BBE40062E095 /* ProtocolStubbedTestCase.swift */; };
		3E74A618215F8AEA00091078 /* TronTestCase.swift in Sources */ = {isa = PBXBuildFile; fileRef = 3E74A60B215F8AE900091078 /* TronTestCase.swift */; };
		3E74A619215F8AEA00091078 /* PluginTestCase.swift in Sources */ = {isa = PBXBuildFile; fileRef = 3E74A60C215F8AE900091078 /* PluginTestCase.swift */; };
		3E74A61A215F8AEA00091078 /* DownloadTestCase.swift in Sources */ = {isa = PBXBuildFile; fileRef = 3E74A60D215F8AE900091078 /* DownloadTestCase.swift */; };
		3E74A61B215F8AEA00091078 /* HeaderBuilderTestCase.swift in Sources */ = {isa = PBXBuildFile; fileRef = 3E74A60E215F8AE900091078 /* HeaderBuilderTestCase.swift */; };
		3E74A61C215F8AEA00091078 /* UploadTestCase.swift in Sources */ = {isa = PBXBuildFile; fileRef = 3E74A60F215F8AE900091078 /* UploadTestCase.swift */; };
		3E74A61D215F8AEA00091078 /* RxSwiftExtensionTestCase.swift in Sources */ = {isa = PBXBuildFile; fileRef = 3E74A610215F8AEA00091078 /* RxSwiftExtensionTestCase.swift */; };
		3E74A61E215F8AEA00091078 /* CodableTestCase.swift in Sources */ = {isa = PBXBuildFile; fileRef = 3E74A611215F8AEA00091078 /* CodableTestCase.swift */; };
		3E74A61F215F8AEA00091078 /* APIRequestTestCase.swift in Sources */ = {isa = PBXBuildFile; fileRef = 3E74A612215F8AEA00091078 /* APIRequestTestCase.swift */; };
		3E74A620215F8AEA00091078 /* ApiStubbingTestCase.swift in Sources */ = {isa = PBXBuildFile; fileRef = 3E74A613215F8AEA00091078 /* ApiStubbingTestCase.swift */; };
		3E74A621215F8AEA00091078 /* PluginTester.swift in Sources */ = {isa = PBXBuildFile; fileRef = 3E74A614215F8AEA00091078 /* PluginTester.swift */; };
		3E74A622215F8AEA00091078 /* URLBuilderTestCase.swift in Sources */ = {isa = PBXBuildFile; fileRef = 3E74A615215F8AEA00091078 /* URLBuilderTestCase.swift */; };
		3E74A623215F8AEA00091078 /* JSONDecodableTestCase.swift in Sources */ = {isa = PBXBuildFile; fileRef = 3E74A616215F8AEA00091078 /* JSONDecodableTestCase.swift */; };
		3E74A624215F8AEA00091078 /* ResponseSerializationTestCase.swift in Sources */ = {isa = PBXBuildFile; fileRef = 3E74A617215F8AEA00091078 /* ResponseSerializationTestCase.swift */; };
		3E74A627215F8B5800091078 /* StubbingURLProtocol.swift in Sources */ = {isa = PBXBuildFile; fileRef = 3E74A626215F8B5800091078 /* StubbingURLProtocol.swift */; };
		3EC5C88822A7DD9C00B42774 /* RxTRON.framework in Frameworks */ = {isa = PBXBuildFile; fileRef = 3EC5C88122A7DD9C00B42774 /* RxTRON.framework */; };
		3EC5C88922A7DD9C00B42774 /* RxTRON.framework in Embed Frameworks */ = {isa = PBXBuildFile; fileRef = 3EC5C88122A7DD9C00B42774 /* RxTRON.framework */; settings = {ATTRIBUTES = (CodeSignOnCopy, RemoveHeadersOnCopy, ); }; };
		3EC5C89F22A7DF0300B42774 /* TRONSwiftyJSON.framework in Frameworks */ = {isa = PBXBuildFile; fileRef = 3EC5C89822A7DF0300B42774 /* TRONSwiftyJSON.framework */; };
		3EC5C8A022A7DF0300B42774 /* TRONSwiftyJSON.framework in Embed Frameworks */ = {isa = PBXBuildFile; fileRef = 3EC5C89822A7DF0300B42774 /* TRONSwiftyJSON.framework */; settings = {ATTRIBUTES = (CodeSignOnCopy, RemoveHeadersOnCopy, ); }; };
		3EC5C8AB22A7DF8C00B42774 /* RxTRON.framework in Frameworks */ = {isa = PBXBuildFile; fileRef = 3EC5C88122A7DD9C00B42774 /* RxTRON.framework */; };
		3EC5C8AC22A7DF9000B42774 /* TRONSwiftyJSON.framework in Frameworks */ = {isa = PBXBuildFile; fileRef = 3EC5C89822A7DF0300B42774 /* TRONSwiftyJSON.framework */; };
		3EC5C8C822A7E78F00B42774 /* APIStub.swift in Sources */ = {isa = PBXBuildFile; fileRef = 3EC5C8B922A7E78F00B42774 /* APIStub.swift */; };
		3EC5C8C922A7E78F00B42774 /* BaseRequest.swift in Sources */ = {isa = PBXBuildFile; fileRef = 3EC5C8BA22A7E78F00B42774 /* BaseRequest.swift */; };
		3EC5C8CA22A7E78F00B42774 /* APIError.swift in Sources */ = {isa = PBXBuildFile; fileRef = 3EC5C8BB22A7E78F00B42774 /* APIError.swift */; };
		3EC5C8CB22A7E78F00B42774 /* UploadAPIRequest.swift in Sources */ = {isa = PBXBuildFile; fileRef = 3EC5C8BC22A7E78F00B42774 /* UploadAPIRequest.swift */; };
		3EC5C8CC22A7E78F00B42774 /* TRON.swift in Sources */ = {isa = PBXBuildFile; fileRef = 3EC5C8BD22A7E78F00B42774 /* TRON.swift */; };
		3EC5C8CD22A7E78F00B42774 /* TRONCodable.swift in Sources */ = {isa = PBXBuildFile; fileRef = 3EC5C8BE22A7E78F00B42774 /* TRONCodable.swift */; };
		3EC5C8CE22A7E78F00B42774 /* NetworkLoggerPlugin.swift in Sources */ = {isa = PBXBuildFile; fileRef = 3EC5C8BF22A7E78F00B42774 /* NetworkLoggerPlugin.swift */; };
		3EC5C8CF22A7E78F00B42774 /* DownloadAPIRequest.swift in Sources */ = {isa = PBXBuildFile; fileRef = 3EC5C8C022A7E78F00B42774 /* DownloadAPIRequest.swift */; };
		3EC5C8D022A7E78F00B42774 /* NetworkActivityPlugin.swift in Sources */ = {isa = PBXBuildFile; fileRef = 3EC5C8C122A7E78F00B42774 /* NetworkActivityPlugin.swift */; };
		3EC5C8D122A7E78F00B42774 /* URLBuilder.swift in Sources */ = {isa = PBXBuildFile; fileRef = 3EC5C8C222A7E78F00B42774 /* URLBuilder.swift */; };
		3EC5C8D222A7E78F00B42774 /* APIRequest.swift in Sources */ = {isa = PBXBuildFile; fileRef = 3EC5C8C322A7E78F00B42774 /* APIRequest.swift */; };
		3EC5C8D322A7E78F00B42774 /* Plugin.swift in Sources */ = {isa = PBXBuildFile; fileRef = 3EC5C8C422A7E78F00B42774 /* Plugin.swift */; };
		3EC5C8D422A7E78F00B42774 /* Serialization.swift in Sources */ = {isa = PBXBuildFile; fileRef = 3EC5C8C522A7E78F00B42774 /* Serialization.swift */; };
		3EC5C8D522A7E79400B42774 /* SwiftyJSONDecodable.swift in Sources */ = {isa = PBXBuildFile; fileRef = 3EC5C8B522A7E78F00B42774 /* SwiftyJSONDecodable.swift */; };
		3EC5C8D622A7E79A00B42774 /* Tron+RxSwift.swift in Sources */ = {isa = PBXBuildFile; fileRef = 3EC5C8B722A7E78F00B42774 /* Tron+RxSwift.swift */; };
		3ED4051622B5667A0055ED5B /* BaseRequestTestCase.swift in Sources */ = {isa = PBXBuildFile; fileRef = 3ED4051522B5667A0055ED5B /* BaseRequestTestCase.swift */; };
		412E6D322698648D006981C3 /* ConcurrencyTestCase.swift in Sources */ = {isa = PBXBuildFile; fileRef = 412E6D312698648D006981C3 /* ConcurrencyTestCase.swift */; };
		41BAE4EC26738941000D314D /* Concurrency.swift in Sources */ = {isa = PBXBuildFile; fileRef = 41BAE4EB26738941000D314D /* Concurrency.swift */; };
		9A148D5B1EDB1ABF002E610C /* cat.jpg in Resources */ = {isa = PBXBuildFile; fileRef = 9A148D571EDB1ABF002E610C /* cat.jpg */; };
		9A148D5E1EDB1ABF002E610C /* invalid.json in Resources */ = {isa = PBXBuildFile; fileRef = 9A148D581EDB1ABF002E610C /* invalid.json */; };
		9A148D611EDB1ABF002E610C /* TronError.swift in Sources */ = {isa = PBXBuildFile; fileRef = 9A148D591EDB1ABF002E610C /* TronError.swift */; };
		9A148D641EDB1ABF002E610C /* user.json in Resources */ = {isa = PBXBuildFile; fileRef = 9A148D5A1EDB1ABF002E610C /* user.json */; };
		9A704E521C5D01B300392DE5 /* AppDelegate.swift in Sources */ = {isa = PBXBuildFile; fileRef = 9A704E511C5D01B300392DE5 /* AppDelegate.swift */; };
		9A704E541C5D01B300392DE5 /* ViewController.swift in Sources */ = {isa = PBXBuildFile; fileRef = 9A704E531C5D01B300392DE5 /* ViewController.swift */; };
		9A704E571C5D01B300392DE5 /* Main.storyboard in Resources */ = {isa = PBXBuildFile; fileRef = 9A704E551C5D01B300392DE5 /* Main.storyboard */; };
		9A704E591C5D01B300392DE5 /* Assets.xcassets in Resources */ = {isa = PBXBuildFile; fileRef = 9A704E581C5D01B300392DE5 /* Assets.xcassets */; };
		9A704E5C1C5D01B300392DE5 /* LaunchScreen.storyboard in Resources */ = {isa = PBXBuildFile; fileRef = 9A704E5A1C5D01B300392DE5 /* LaunchScreen.storyboard */; };
		9A704E761C5D01D300392DE5 /* CRUD.swift in Sources */ = {isa = PBXBuildFile; fileRef = 9A704E751C5D01D300392DE5 /* CRUD.swift */; };
		9A704E801C5D01EC00392DE5 /* TRON.framework in Frameworks */ = {isa = PBXBuildFile; fileRef = 9A722F4A1C5A49AE0087908D /* TRON.framework */; };
		9A704E811C5D01EC00392DE5 /* TRON.framework in Embed Frameworks */ = {isa = PBXBuildFile; fileRef = 9A722F4A1C5A49AE0087908D /* TRON.framework */; settings = {ATTRIBUTES = (CodeSignOnCopy, RemoveHeadersOnCopy, ); }; };
		9A71B8EC2497CA5000FB5CD6 /* CombineTestCase.swift in Sources */ = {isa = PBXBuildFile; fileRef = 9A71B8EB2497CA5000FB5CD6 /* CombineTestCase.swift */; };
		9A722F551C5A49AE0087908D /* TRON.framework in Frameworks */ = {isa = PBXBuildFile; fileRef = 9A722F4A1C5A49AE0087908D /* TRON.framework */; };
		9A82444F2497B805002CC575 /* Combine.swift in Sources */ = {isa = PBXBuildFile; fileRef = 9A82444E2497B805002CC575 /* Combine.swift */; };
		9A9803F122D78987008CB92C /* RxSwift in Frameworks */ = {isa = PBXBuildFile; productRef = 9A9803F022D78987008CB92C /* RxSwift */; };
		9A9803F422D789A4008CB92C /* SwiftyJSON in Frameworks */ = {isa = PBXBuildFile; productRef = 9A9803F322D789A4008CB92C /* SwiftyJSON */; };
		9A9803FB22D78CAD008CB92C /* Alamofire in Frameworks */ = {isa = PBXBuildFile; productRef = 9A9803FA22D78CAD008CB92C /* Alamofire */; };
		9ABE13FD2459A2BB008874D2 /* Exports.swift in Sources */ = {isa = PBXBuildFile; fileRef = 9ABE13FC2459A2BB008874D2 /* Exports.swift */; };
/* End PBXBuildFile section */

/* Begin PBXContainerItemProxy section */
		3EC5C88622A7DD9C00B42774 /* PBXContainerItemProxy */ = {
			isa = PBXContainerItemProxy;
			containerPortal = 9A722F411C5A49AE0087908D /* Project object */;
			proxyType = 1;
			remoteGlobalIDString = 3EC5C88022A7DD9C00B42774;
			remoteInfo = RxTRON;
		};
		3EC5C88D22A7DDA200B42774 /* PBXContainerItemProxy */ = {
			isa = PBXContainerItemProxy;
			containerPortal = 9A722F411C5A49AE0087908D /* Project object */;
			proxyType = 1;
			remoteGlobalIDString = 9A722F491C5A49AE0087908D;
			remoteInfo = TRON;
		};
		3EC5C89122A7DEEB00B42774 /* PBXContainerItemProxy */ = {
			isa = PBXContainerItemProxy;
			containerPortal = 9A722F411C5A49AE0087908D /* Project object */;
			proxyType = 1;
			remoteGlobalIDString = 3EC5C88022A7DD9C00B42774;
			remoteInfo = RxTRON;
		};
		3EC5C89D22A7DF0300B42774 /* PBXContainerItemProxy */ = {
			isa = PBXContainerItemProxy;
			containerPortal = 9A722F411C5A49AE0087908D /* Project object */;
			proxyType = 1;
			remoteGlobalIDString = 3EC5C89722A7DF0300B42774;
			remoteInfo = TRONSwiftyJSON;
		};
		3EC5C8A422A7DF0D00B42774 /* PBXContainerItemProxy */ = {
			isa = PBXContainerItemProxy;
			containerPortal = 9A722F411C5A49AE0087908D /* Project object */;
			proxyType = 1;
			remoteGlobalIDString = 9A722F491C5A49AE0087908D;
			remoteInfo = TRON;
		};
		3EC5C8A822A7DF8100B42774 /* PBXContainerItemProxy */ = {
			isa = PBXContainerItemProxy;
			containerPortal = 9A722F411C5A49AE0087908D /* Project object */;
			proxyType = 1;
			remoteGlobalIDString = 3EC5C89722A7DF0300B42774;
			remoteInfo = TRONSwiftyJSON;
		};
		9A704E821C5D01EC00392DE5 /* PBXContainerItemProxy */ = {
			isa = PBXContainerItemProxy;
			containerPortal = 9A722F411C5A49AE0087908D /* Project object */;
			proxyType = 1;
			remoteGlobalIDString = 9A722F491C5A49AE0087908D;
			remoteInfo = TRON;
		};
		9A722F561C5A49AE0087908D /* PBXContainerItemProxy */ = {
			isa = PBXContainerItemProxy;
			containerPortal = 9A722F411C5A49AE0087908D /* Project object */;
			proxyType = 1;
			remoteGlobalIDString = 9A722F491C5A49AE0087908D;
			remoteInfo = TRON;
		};
/* End PBXContainerItemProxy section */

/* Begin PBXCopyFilesBuildPhase section */
		9A704E7B1C5D01DF00392DE5 /* Embed Frameworks */ = {
			isa = PBXCopyFilesBuildPhase;
			buildActionMask = 2147483647;
			dstPath = "";
			dstSubfolderSpec = 10;
			files = (
				9A704E811C5D01EC00392DE5 /* TRON.framework in Embed Frameworks */,
				3EC5C8A022A7DF0300B42774 /* TRONSwiftyJSON.framework in Embed Frameworks */,
				3EC5C88922A7DD9C00B42774 /* RxTRON.framework in Embed Frameworks */,
			);
			name = "Embed Frameworks";
			runOnlyForDeploymentPostprocessing = 0;
		};
/* End PBXCopyFilesBuildPhase section */

/* Begin PBXFileReference section */
		3E601DC921F8BBE40062E095 /* ProtocolStubbedTestCase.swift */ = {isa = PBXFileReference; lastKnownFileType = sourcecode.swift; path = ProtocolStubbedTestCase.swift; sourceTree = "<group>"; };
		3E74A60B215F8AE900091078 /* TronTestCase.swift */ = {isa = PBXFileReference; fileEncoding = 4; lastKnownFileType = sourcecode.swift; path = TronTestCase.swift; sourceTree = "<group>"; };
		3E74A60C215F8AE900091078 /* PluginTestCase.swift */ = {isa = PBXFileReference; fileEncoding = 4; lastKnownFileType = sourcecode.swift; path = PluginTestCase.swift; sourceTree = "<group>"; };
		3E74A60D215F8AE900091078 /* DownloadTestCase.swift */ = {isa = PBXFileReference; fileEncoding = 4; lastKnownFileType = sourcecode.swift; path = DownloadTestCase.swift; sourceTree = "<group>"; };
		3E74A60E215F8AE900091078 /* HeaderBuilderTestCase.swift */ = {isa = PBXFileReference; fileEncoding = 4; lastKnownFileType = sourcecode.swift; path = HeaderBuilderTestCase.swift; sourceTree = "<group>"; };
		3E74A60F215F8AE900091078 /* UploadTestCase.swift */ = {isa = PBXFileReference; fileEncoding = 4; lastKnownFileType = sourcecode.swift; path = UploadTestCase.swift; sourceTree = "<group>"; };
		3E74A610215F8AEA00091078 /* RxSwiftExtensionTestCase.swift */ = {isa = PBXFileReference; fileEncoding = 4; lastKnownFileType = sourcecode.swift; path = RxSwiftExtensionTestCase.swift; sourceTree = "<group>"; };
		3E74A611215F8AEA00091078 /* CodableTestCase.swift */ = {isa = PBXFileReference; fileEncoding = 4; lastKnownFileType = sourcecode.swift; path = CodableTestCase.swift; sourceTree = "<group>"; };
		3E74A612215F8AEA00091078 /* APIRequestTestCase.swift */ = {isa = PBXFileReference; fileEncoding = 4; lastKnownFileType = sourcecode.swift; path = APIRequestTestCase.swift; sourceTree = "<group>"; };
		3E74A613215F8AEA00091078 /* ApiStubbingTestCase.swift */ = {isa = PBXFileReference; fileEncoding = 4; lastKnownFileType = sourcecode.swift; path = ApiStubbingTestCase.swift; sourceTree = "<group>"; };
		3E74A614215F8AEA00091078 /* PluginTester.swift */ = {isa = PBXFileReference; fileEncoding = 4; lastKnownFileType = sourcecode.swift; path = PluginTester.swift; sourceTree = "<group>"; };
		3E74A615215F8AEA00091078 /* URLBuilderTestCase.swift */ = {isa = PBXFileReference; fileEncoding = 4; lastKnownFileType = sourcecode.swift; path = URLBuilderTestCase.swift; sourceTree = "<group>"; };
		3E74A616215F8AEA00091078 /* JSONDecodableTestCase.swift */ = {isa = PBXFileReference; fileEncoding = 4; lastKnownFileType = sourcecode.swift; path = JSONDecodableTestCase.swift; sourceTree = "<group>"; };
		3E74A617215F8AEA00091078 /* ResponseSerializationTestCase.swift */ = {isa = PBXFileReference; fileEncoding = 4; lastKnownFileType = sourcecode.swift; path = ResponseSerializationTestCase.swift; sourceTree = "<group>"; };
		3E74A626215F8B5800091078 /* StubbingURLProtocol.swift */ = {isa = PBXFileReference; lastKnownFileType = sourcecode.swift; path = StubbingURLProtocol.swift; sourceTree = "<group>"; };
		3EC5C88122A7DD9C00B42774 /* RxTRON.framework */ = {isa = PBXFileReference; explicitFileType = wrapper.framework; includeInIndex = 0; path = RxTRON.framework; sourceTree = BUILT_PRODUCTS_DIR; };
		3EC5C89822A7DF0300B42774 /* TRONSwiftyJSON.framework */ = {isa = PBXFileReference; explicitFileType = wrapper.framework; includeInIndex = 0; path = TRONSwiftyJSON.framework; sourceTree = BUILT_PRODUCTS_DIR; };
		3EC5C8B122A7E4BA00B42774 /* Package.swift */ = {isa = PBXFileReference; lastKnownFileType = sourcecode.swift; path = Package.swift; sourceTree = "<group>"; };
		3EC5C8B522A7E78F00B42774 /* SwiftyJSONDecodable.swift */ = {isa = PBXFileReference; fileEncoding = 4; lastKnownFileType = sourcecode.swift; path = SwiftyJSONDecodable.swift; sourceTree = "<group>"; };
		3EC5C8B722A7E78F00B42774 /* Tron+RxSwift.swift */ = {isa = PBXFileReference; fileEncoding = 4; lastKnownFileType = sourcecode.swift; path = "Tron+RxSwift.swift"; sourceTree = "<group>"; };
		3EC5C8B922A7E78F00B42774 /* APIStub.swift */ = {isa = PBXFileReference; fileEncoding = 4; lastKnownFileType = sourcecode.swift; path = APIStub.swift; sourceTree = "<group>"; };
		3EC5C8BA22A7E78F00B42774 /* BaseRequest.swift */ = {isa = PBXFileReference; fileEncoding = 4; lastKnownFileType = sourcecode.swift; path = BaseRequest.swift; sourceTree = "<group>"; };
		3EC5C8BB22A7E78F00B42774 /* APIError.swift */ = {isa = PBXFileReference; fileEncoding = 4; lastKnownFileType = sourcecode.swift; path = APIError.swift; sourceTree = "<group>"; };
		3EC5C8BC22A7E78F00B42774 /* UploadAPIRequest.swift */ = {isa = PBXFileReference; fileEncoding = 4; lastKnownFileType = sourcecode.swift; path = UploadAPIRequest.swift; sourceTree = "<group>"; };
		3EC5C8BD22A7E78F00B42774 /* TRON.swift */ = {isa = PBXFileReference; fileEncoding = 4; lastKnownFileType = sourcecode.swift; path = TRON.swift; sourceTree = "<group>"; };
		3EC5C8BE22A7E78F00B42774 /* TRONCodable.swift */ = {isa = PBXFileReference; fileEncoding = 4; lastKnownFileType = sourcecode.swift; path = TRONCodable.swift; sourceTree = "<group>"; };
		3EC5C8BF22A7E78F00B42774 /* NetworkLoggerPlugin.swift */ = {isa = PBXFileReference; fileEncoding = 4; lastKnownFileType = sourcecode.swift; path = NetworkLoggerPlugin.swift; sourceTree = "<group>"; };
		3EC5C8C022A7E78F00B42774 /* DownloadAPIRequest.swift */ = {isa = PBXFileReference; fileEncoding = 4; lastKnownFileType = sourcecode.swift; path = DownloadAPIRequest.swift; sourceTree = "<group>"; };
		3EC5C8C122A7E78F00B42774 /* NetworkActivityPlugin.swift */ = {isa = PBXFileReference; fileEncoding = 4; lastKnownFileType = sourcecode.swift; path = NetworkActivityPlugin.swift; sourceTree = "<group>"; };
		3EC5C8C222A7E78F00B42774 /* URLBuilder.swift */ = {isa = PBXFileReference; fileEncoding = 4; lastKnownFileType = sourcecode.swift; path = URLBuilder.swift; sourceTree = "<group>"; };
		3EC5C8C322A7E78F00B42774 /* APIRequest.swift */ = {isa = PBXFileReference; fileEncoding = 4; lastKnownFileType = sourcecode.swift; path = APIRequest.swift; sourceTree = "<group>"; };
		3EC5C8C422A7E78F00B42774 /* Plugin.swift */ = {isa = PBXFileReference; fileEncoding = 4; lastKnownFileType = sourcecode.swift; path = Plugin.swift; sourceTree = "<group>"; };
		3EC5C8C522A7E78F00B42774 /* Serialization.swift */ = {isa = PBXFileReference; fileEncoding = 4; lastKnownFileType = sourcecode.swift; path = Serialization.swift; sourceTree = "<group>"; };
		3ED4051522B5667A0055ED5B /* BaseRequestTestCase.swift */ = {isa = PBXFileReference; lastKnownFileType = sourcecode.swift; path = BaseRequestTestCase.swift; sourceTree = "<group>"; };
		412E6D312698648D006981C3 /* ConcurrencyTestCase.swift */ = {isa = PBXFileReference; lastKnownFileType = sourcecode.swift; path = ConcurrencyTestCase.swift; sourceTree = "<group>"; };
		41BAE4EB26738941000D314D /* Concurrency.swift */ = {isa = PBXFileReference; lastKnownFileType = sourcecode.swift; path = Concurrency.swift; sourceTree = "<group>"; };
		9A148D571EDB1ABF002E610C /* cat.jpg */ = {isa = PBXFileReference; lastKnownFileType = image.jpeg; path = cat.jpg; sourceTree = "<group>"; };
		9A148D581EDB1ABF002E610C /* invalid.json */ = {isa = PBXFileReference; fileEncoding = 4; lastKnownFileType = text.json; path = invalid.json; sourceTree = "<group>"; };
		9A148D591EDB1ABF002E610C /* TronError.swift */ = {isa = PBXFileReference; fileEncoding = 4; lastKnownFileType = sourcecode.swift; path = TronError.swift; sourceTree = "<group>"; };
		9A148D5A1EDB1ABF002E610C /* user.json */ = {isa = PBXFileReference; fileEncoding = 4; lastKnownFileType = text.json; path = user.json; sourceTree = "<group>"; };
		9A704E4F1C5D01B300392DE5 /* Example.app */ = {isa = PBXFileReference; explicitFileType = wrapper.application; includeInIndex = 0; path = Example.app; sourceTree = BUILT_PRODUCTS_DIR; };
		9A704E511C5D01B300392DE5 /* AppDelegate.swift */ = {isa = PBXFileReference; lastKnownFileType = sourcecode.swift; path = AppDelegate.swift; sourceTree = "<group>"; };
		9A704E531C5D01B300392DE5 /* ViewController.swift */ = {isa = PBXFileReference; lastKnownFileType = sourcecode.swift; path = ViewController.swift; sourceTree = "<group>"; };
		9A704E561C5D01B300392DE5 /* Base */ = {isa = PBXFileReference; lastKnownFileType = file.storyboard; name = Base; path = Base.lproj/Main.storyboard; sourceTree = "<group>"; };
		9A704E581C5D01B300392DE5 /* Assets.xcassets */ = {isa = PBXFileReference; lastKnownFileType = folder.assetcatalog; path = Assets.xcassets; sourceTree = "<group>"; };
		9A704E5B1C5D01B300392DE5 /* Base */ = {isa = PBXFileReference; lastKnownFileType = file.storyboard; name = Base; path = Base.lproj/LaunchScreen.storyboard; sourceTree = "<group>"; };
		9A704E5D1C5D01B300392DE5 /* Info.plist */ = {isa = PBXFileReference; lastKnownFileType = text.plist.xml; path = Info.plist; sourceTree = "<group>"; };
		9A704E751C5D01D300392DE5 /* CRUD.swift */ = {isa = PBXFileReference; fileEncoding = 4; lastKnownFileType = sourcecode.swift; path = CRUD.swift; sourceTree = "<group>"; };
		9A71B8EB2497CA5000FB5CD6 /* CombineTestCase.swift */ = {isa = PBXFileReference; lastKnownFileType = sourcecode.swift; path = CombineTestCase.swift; sourceTree = "<group>"; };
		9A722F4A1C5A49AE0087908D /* TRON.framework */ = {isa = PBXFileReference; explicitFileType = wrapper.framework; includeInIndex = 0; path = TRON.framework; sourceTree = BUILT_PRODUCTS_DIR; };
		9A722F541C5A49AE0087908D /* Tests.xctest */ = {isa = PBXFileReference; explicitFileType = wrapper.cfbundle; includeInIndex = 0; path = Tests.xctest; sourceTree = BUILT_PRODUCTS_DIR; };
		9A722F651C5A4A610087908D /* Framework.plist */ = {isa = PBXFileReference; lastKnownFileType = text.plist.xml; name = Framework.plist; path = "Supporting files/Framework.plist"; sourceTree = "<group>"; };
		9A722F661C5A4A610087908D /* Tests.plist */ = {isa = PBXFileReference; lastKnownFileType = text.plist.xml; name = Tests.plist; path = "Supporting files/Tests.plist"; sourceTree = "<group>"; };
		9A82444E2497B805002CC575 /* Combine.swift */ = {isa = PBXFileReference; lastKnownFileType = sourcecode.swift; path = Combine.swift; sourceTree = "<group>"; };
		9AB63D2822731CD300544A3E /* 1.0 Migration Guide.md */ = {isa = PBXFileReference; lastKnownFileType = net.daringfireball.markdown; path = "1.0 Migration Guide.md"; sourceTree = "<group>"; };
		9AB63D2922731CD300544A3E /* 2.0 Migration Guide.md */ = {isa = PBXFileReference; lastKnownFileType = net.daringfireball.markdown; path = "2.0 Migration Guide.md"; sourceTree = "<group>"; };
		9AB63D2A22731CD300544A3E /* 4.0 Migration Guide.md */ = {isa = PBXFileReference; lastKnownFileType = net.daringfireball.markdown; path = "4.0 Migration Guide.md"; sourceTree = "<group>"; };
		9AB63D2B22731CD300544A3E /* PluginConcepts.md */ = {isa = PBXFileReference; lastKnownFileType = net.daringfireball.markdown; path = PluginConcepts.md; sourceTree = "<group>"; };
		9AB63D2C22731CD300544A3E /* ContainerTypesParsing.md */ = {isa = PBXFileReference; lastKnownFileType = net.daringfireball.markdown; path = ContainerTypesParsing.md; sourceTree = "<group>"; };
		9AB63D2D22731CFB00544A3E /* 5.0 Migration Guide.md */ = {isa = PBXFileReference; lastKnownFileType = net.daringfireball.markdown; path = "5.0 Migration Guide.md"; sourceTree = "<group>"; };
		9ABE13FC2459A2BB008874D2 /* Exports.swift */ = {isa = PBXFileReference; lastKnownFileType = sourcecode.swift; path = Exports.swift; sourceTree = "<group>"; };
		9AFAE4D41CC5210F002739B0 /* CHANGELOG.md */ = {isa = PBXFileReference; lastKnownFileType = net.daringfireball.markdown; path = CHANGELOG.md; sourceTree = "<group>"; };
		9AFAE4D51CC52118002739B0 /* README.md */ = {isa = PBXFileReference; lastKnownFileType = net.daringfireball.markdown; path = README.md; sourceTree = "<group>"; };
/* End PBXFileReference section */

/* Begin PBXFrameworksBuildPhase section */
		3EC5C87E22A7DD9C00B42774 /* Frameworks */ = {
			isa = PBXFrameworksBuildPhase;
			buildActionMask = 2147483647;
			files = (
				9A9803F122D78987008CB92C /* RxSwift in Frameworks */,
			);
			runOnlyForDeploymentPostprocessing = 0;
		};
		3EC5C89522A7DF0300B42774 /* Frameworks */ = {
			isa = PBXFrameworksBuildPhase;
			buildActionMask = 2147483647;
			files = (
				9A9803F422D789A4008CB92C /* SwiftyJSON in Frameworks */,
			);
			runOnlyForDeploymentPostprocessing = 0;
		};
		9A704E4C1C5D01B300392DE5 /* Frameworks */ = {
			isa = PBXFrameworksBuildPhase;
			buildActionMask = 2147483647;
			files = (
				9A704E801C5D01EC00392DE5 /* TRON.framework in Frameworks */,
				3EC5C89F22A7DF0300B42774 /* TRONSwiftyJSON.framework in Frameworks */,
				3EC5C88822A7DD9C00B42774 /* RxTRON.framework in Frameworks */,
			);
			runOnlyForDeploymentPostprocessing = 0;
		};
		9A722F511C5A49AE0087908D /* Frameworks */ = {
			isa = PBXFrameworksBuildPhase;
			buildActionMask = 2147483647;
			files = (
				3EC5C8AC22A7DF9000B42774 /* TRONSwiftyJSON.framework in Frameworks */,
				3EC5C8AB22A7DF8C00B42774 /* RxTRON.framework in Frameworks */,
				9A722F551C5A49AE0087908D /* TRON.framework in Frameworks */,
			);
			runOnlyForDeploymentPostprocessing = 0;
		};
		9A9803F522D78C62008CB92C /* Frameworks */ = {
			isa = PBXFrameworksBuildPhase;
			buildActionMask = 2147483647;
			files = (
				9A9803FB22D78CAD008CB92C /* Alamofire in Frameworks */,
			);
			runOnlyForDeploymentPostprocessing = 0;
		};
/* End PBXFrameworksBuildPhase section */

/* Begin PBXGroup section */
		3E74A625215F8B3A00091078 /* Helpers */ = {
			isa = PBXGroup;
			children = (
				3E74A626215F8B5800091078 /* StubbingURLProtocol.swift */,
			);
			path = Helpers;
			sourceTree = "<group>";
		};
		3EC5C8B322A7E78F00B42774 /* Source */ = {
			isa = PBXGroup;
			children = (
				3EC5C8B622A7E78F00B42774 /* RxTRON */,
				9A90CC231C5FAB3400472DB8 /* Tests */,
				3EC5C8B822A7E78F00B42774 /* TRON */,
				3EC5C8B422A7E78F00B42774 /* TRONSwiftyJSON */,
			);
			path = Source;
			sourceTree = "<group>";
		};
		3EC5C8B422A7E78F00B42774 /* TRONSwiftyJSON */ = {
			isa = PBXGroup;
			children = (
				3EC5C8B522A7E78F00B42774 /* SwiftyJSONDecodable.swift */,
			);
			path = TRONSwiftyJSON;
			sourceTree = "<group>";
		};
		3EC5C8B622A7E78F00B42774 /* RxTRON */ = {
			isa = PBXGroup;
			children = (
				3EC5C8B722A7E78F00B42774 /* Tron+RxSwift.swift */,
			);
			path = RxTRON;
			sourceTree = "<group>";
		};
		3EC5C8B822A7E78F00B42774 /* TRON */ = {
			isa = PBXGroup;
			children = (
				3EC5C8BB22A7E78F00B42774 /* APIError.swift */,
				3EC5C8C322A7E78F00B42774 /* APIRequest.swift */,
				3EC5C8B922A7E78F00B42774 /* APIStub.swift */,
				3EC5C8BA22A7E78F00B42774 /* BaseRequest.swift */,
				9A82444E2497B805002CC575 /* Combine.swift */,
				41BAE4EB26738941000D314D /* Concurrency.swift */,
				3EC5C8C022A7E78F00B42774 /* DownloadAPIRequest.swift */,
				9ABE13FC2459A2BB008874D2 /* Exports.swift */,
				3EC5C8C122A7E78F00B42774 /* NetworkActivityPlugin.swift */,
				3EC5C8BF22A7E78F00B42774 /* NetworkLoggerPlugin.swift */,
				3EC5C8C422A7E78F00B42774 /* Plugin.swift */,
				3EC5C8C522A7E78F00B42774 /* Serialization.swift */,
				3EC5C8BD22A7E78F00B42774 /* TRON.swift */,
				3EC5C8BE22A7E78F00B42774 /* TRONCodable.swift */,
				3EC5C8BC22A7E78F00B42774 /* UploadAPIRequest.swift */,
				3EC5C8C222A7E78F00B42774 /* URLBuilder.swift */,
			);
			path = TRON;
			sourceTree = "<group>";
		};
		9A704E501C5D01B300392DE5 /* Example */ = {
			isa = PBXGroup;
			children = (
				9A704E511C5D01B300392DE5 /* AppDelegate.swift */,
				9A704E531C5D01B300392DE5 /* ViewController.swift */,
				9A704E751C5D01D300392DE5 /* CRUD.swift */,
				9A704E551C5D01B300392DE5 /* Main.storyboard */,
				9A704E581C5D01B300392DE5 /* Assets.xcassets */,
				9A704E5A1C5D01B300392DE5 /* LaunchScreen.storyboard */,
				9A704E5D1C5D01B300392DE5 /* Info.plist */,
			);
			path = Example;
			sourceTree = "<group>";
		};
		9A722F401C5A49AE0087908D = {
			isa = PBXGroup;
			children = (
				3EC5C8B122A7E4BA00B42774 /* Package.swift */,
				9AFAE4D31CC520F6002739B0 /* Documentation */,
				9A704E501C5D01B300392DE5 /* Example */,
				9AB63D2222731CA600544A3E /* Guides */,
				9A722F641C5A49C70087908D /* Plists */,
				9A722F4B1C5A49AE0087908D /* Products */,
				3EC5C8B322A7E78F00B42774 /* Source */,
				9A9803F622D78C68008CB92C /* Frameworks */,
			);
			sourceTree = "<group>";
		};
		9A722F4B1C5A49AE0087908D /* Products */ = {
			isa = PBXGroup;
			children = (
				9A722F4A1C5A49AE0087908D /* TRON.framework */,
				9A722F541C5A49AE0087908D /* Tests.xctest */,
				9A704E4F1C5D01B300392DE5 /* Example.app */,
				3EC5C88122A7DD9C00B42774 /* RxTRON.framework */,
				3EC5C89822A7DF0300B42774 /* TRONSwiftyJSON.framework */,
			);
			name = Products;
			sourceTree = "<group>";
		};
		9A722F641C5A49C70087908D /* Plists */ = {
			isa = PBXGroup;
			children = (
				9A722F651C5A4A610087908D /* Framework.plist */,
				9A722F661C5A4A610087908D /* Tests.plist */,
			);
			name = Plists;
			sourceTree = "<group>";
		};
		9A90CC231C5FAB3400472DB8 /* Tests */ = {
			isa = PBXGroup;
			children = (
				3E74A612215F8AEA00091078 /* APIRequestTestCase.swift */,
				3E74A613215F8AEA00091078 /* ApiStubbingTestCase.swift */,
				3ED4051522B5667A0055ED5B /* BaseRequestTestCase.swift */,
				3E74A611215F8AEA00091078 /* CodableTestCase.swift */,
				3E74A60D215F8AE900091078 /* DownloadTestCase.swift */,
				9A90CC8A1C5FABB200472DB8 /* Fixtures */,
				3E74A60E215F8AE900091078 /* HeaderBuilderTestCase.swift */,
				3E74A625215F8B3A00091078 /* Helpers */,
				3E74A616215F8AEA00091078 /* JSONDecodableTestCase.swift */,
				3E74A60C215F8AE900091078 /* PluginTestCase.swift */,
				3E74A614215F8AEA00091078 /* PluginTester.swift */,
				3E601DC921F8BBE40062E095 /* ProtocolStubbedTestCase.swift */,
				3E74A617215F8AEA00091078 /* ResponseSerializationTestCase.swift */,
				3E74A610215F8AEA00091078 /* RxSwiftExtensionTestCase.swift */,
				3E74A60B215F8AE900091078 /* TronTestCase.swift */,
				3E74A60F215F8AE900091078 /* UploadTestCase.swift */,
				3E74A615215F8AEA00091078 /* URLBuilderTestCase.swift */,
				9A71B8EB2497CA5000FB5CD6 /* CombineTestCase.swift */,
				412E6D312698648D006981C3 /* ConcurrencyTestCase.swift */,
			);
			path = Tests;
			sourceTree = "<group>";
		};
		9A90CC8A1C5FABB200472DB8 /* Fixtures */ = {
			isa = PBXGroup;
			children = (
				9A148D571EDB1ABF002E610C /* cat.jpg */,
				9A148D581EDB1ABF002E610C /* invalid.json */,
				9A148D591EDB1ABF002E610C /* TronError.swift */,
				9A148D5A1EDB1ABF002E610C /* user.json */,
			);
			path = Fixtures;
			sourceTree = "<group>";
		};
		9A9803F622D78C68008CB92C /* Frameworks */ = {
			isa = PBXGroup;
			children = (
			);
			name = Frameworks;
			sourceTree = "<group>";
		};
		9AB63D2222731CA600544A3E /* Guides */ = {
			isa = PBXGroup;
			children = (
				9AB63D2822731CD300544A3E /* 1.0 Migration Guide.md */,
				9AB63D2922731CD300544A3E /* 2.0 Migration Guide.md */,
				9AB63D2A22731CD300544A3E /* 4.0 Migration Guide.md */,
				9AB63D2D22731CFB00544A3E /* 5.0 Migration Guide.md */,
				9AB63D2B22731CD300544A3E /* PluginConcepts.md */,
				9AB63D2C22731CD300544A3E /* ContainerTypesParsing.md */,
			);
			path = Guides;
			sourceTree = "<group>";
		};
		9AFAE4D31CC520F6002739B0 /* Documentation */ = {
			isa = PBXGroup;
			children = (
				9AFAE4D51CC52118002739B0 /* README.md */,
				9AFAE4D41CC5210F002739B0 /* CHANGELOG.md */,
			);
			name = Documentation;
			sourceTree = "<group>";
		};
/* End PBXGroup section */

/* Begin PBXNativeTarget section */
		3EC5C88022A7DD9C00B42774 /* RxTRON */ = {
			isa = PBXNativeTarget;
			buildConfigurationList = 3EC5C88C22A7DD9C00B42774 /* Build configuration list for PBXNativeTarget "RxTRON" */;
			buildPhases = (
				3EC5C87D22A7DD9C00B42774 /* Sources */,
				3EC5C87E22A7DD9C00B42774 /* Frameworks */,
			);
			buildRules = (
			);
			dependencies = (
				3EC5C88E22A7DDA200B42774 /* PBXTargetDependency */,
			);
			name = RxTRON;
			packageProductDependencies = (
				9A9803F022D78987008CB92C /* RxSwift */,
			);
			productName = RxTRON;
			productReference = 3EC5C88122A7DD9C00B42774 /* RxTRON.framework */;
			productType = "com.apple.product-type.framework";
		};
		3EC5C89722A7DF0300B42774 /* TRONSwiftyJSON */ = {
			isa = PBXNativeTarget;
			buildConfigurationList = 3EC5C8A122A7DF0300B42774 /* Build configuration list for PBXNativeTarget "TRONSwiftyJSON" */;
			buildPhases = (
				3EC5C89422A7DF0300B42774 /* Sources */,
				3EC5C89522A7DF0300B42774 /* Frameworks */,
			);
			buildRules = (
			);
			dependencies = (
				3EC5C8A522A7DF0D00B42774 /* PBXTargetDependency */,
			);
			name = TRONSwiftyJSON;
			packageProductDependencies = (
				9A9803F322D789A4008CB92C /* SwiftyJSON */,
			);
			productName = TRONSwiftyJSON;
			productReference = 3EC5C89822A7DF0300B42774 /* TRONSwiftyJSON.framework */;
			productType = "com.apple.product-type.framework";
		};
		9A704E4E1C5D01B300392DE5 /* Example */ = {
			isa = PBXNativeTarget;
			buildConfigurationList = 9A704E741C5D01B300392DE5 /* Build configuration list for PBXNativeTarget "Example" */;
			buildPhases = (
				9A704E4B1C5D01B300392DE5 /* Sources */,
				9A704E4C1C5D01B300392DE5 /* Frameworks */,
				9A704E4D1C5D01B300392DE5 /* Resources */,
				9A704E7B1C5D01DF00392DE5 /* Embed Frameworks */,
			);
			buildRules = (
			);
			dependencies = (
				9A704E831C5D01EC00392DE5 /* PBXTargetDependency */,
				3EC5C88722A7DD9C00B42774 /* PBXTargetDependency */,
				3EC5C89E22A7DF0300B42774 /* PBXTargetDependency */,
			);
			name = Example;
			packageProductDependencies = (
			);
			productName = Example;
			productReference = 9A704E4F1C5D01B300392DE5 /* Example.app */;
			productType = "com.apple.product-type.application";
		};
		9A722F491C5A49AE0087908D /* TRON */ = {
			isa = PBXNativeTarget;
			buildConfigurationList = 9A722F5E1C5A49AE0087908D /* Build configuration list for PBXNativeTarget "TRON" */;
			buildPhases = (
				9A7FA1B71FBCBE6B00C80AED /* SwiftLint */,
				9A722F451C5A49AE0087908D /* Sources */,
				9A9803F522D78C62008CB92C /* Frameworks */,
			);
			buildRules = (
			);
			dependencies = (
			);
			name = TRON;
			packageProductDependencies = (
				9A9803FA22D78CAD008CB92C /* Alamofire */,
			);
			productName = TRON;
			productReference = 9A722F4A1C5A49AE0087908D /* TRON.framework */;
			productType = "com.apple.product-type.framework";
		};
		9A722F531C5A49AE0087908D /* Tests */ = {
			isa = PBXNativeTarget;
			buildConfigurationList = 9A722F611C5A49AE0087908D /* Build configuration list for PBXNativeTarget "Tests" */;
			buildPhases = (
				9A722F501C5A49AE0087908D /* Sources */,
				9A722F511C5A49AE0087908D /* Frameworks */,
				9A722F521C5A49AE0087908D /* Resources */,
			);
			buildRules = (
			);
			dependencies = (
				3EC5C8A922A7DF8100B42774 /* PBXTargetDependency */,
				3EC5C89222A7DEEB00B42774 /* PBXTargetDependency */,
				9A722F571C5A49AE0087908D /* PBXTargetDependency */,
			);
			name = Tests;
			productName = TRONTests;
			productReference = 9A722F541C5A49AE0087908D /* Tests.xctest */;
			productType = "com.apple.product-type.bundle.unit-test";
		};
/* End PBXNativeTarget section */

/* Begin PBXProject section */
		9A722F411C5A49AE0087908D /* Project object */ = {
			isa = PBXProject;
			attributes = {
				LastSwiftUpdateCheck = 0720;
				LastUpgradeCheck = 1400;
				ORGANIZATIONNAME = "Denys Telezhkin";
				TargetAttributes = {
					3EC5C88022A7DD9C00B42774 = {
						CreatedOnToolsVersion = 10.2.1;
						ProvisioningStyle = Manual;
					};
					3EC5C89722A7DF0300B42774 = {
						CreatedOnToolsVersion = 10.2.1;
						ProvisioningStyle = Manual;
					};
					9A704E4E1C5D01B300392DE5 = {
						CreatedOnToolsVersion = 7.2;
						DevelopmentTeam = L94VC9ZZXC;
						ProvisioningStyle = Automatic;
					};
					9A722F491C5A49AE0087908D = {
						CreatedOnToolsVersion = 7.2;
						LastSwiftMigration = 0800;
					};
					9A722F531C5A49AE0087908D = {
						CreatedOnToolsVersion = 7.2;
						LastSwiftMigration = 1020;
					};
				};
			};
			buildConfigurationList = 9A722F441C5A49AE0087908D /* Build configuration list for PBXProject "TRON" */;
			compatibilityVersion = "Xcode 11.0";
			developmentRegion = en;
			hasScannedForEncodings = 0;
			knownRegions = (
				en,
				Base,
			);
			mainGroup = 9A722F401C5A49AE0087908D;
			packageReferences = (
				9A9803EF22D78987008CB92C /* XCRemoteSwiftPackageReference "RxSwift" */,
				9A9803F222D789A3008CB92C /* XCRemoteSwiftPackageReference "SwiftyJSON" */,
				9A9803F922D78CAD008CB92C /* XCRemoteSwiftPackageReference "Alamofire" */,
			);
			productRefGroup = 9A722F4B1C5A49AE0087908D /* Products */;
			projectDirPath = "";
			projectRoot = "";
			targets = (
				9A722F491C5A49AE0087908D /* TRON */,
				9A722F531C5A49AE0087908D /* Tests */,
				9A704E4E1C5D01B300392DE5 /* Example */,
				3EC5C88022A7DD9C00B42774 /* RxTRON */,
				3EC5C89722A7DF0300B42774 /* TRONSwiftyJSON */,
			);
		};
/* End PBXProject section */

/* Begin PBXResourcesBuildPhase section */
		9A704E4D1C5D01B300392DE5 /* Resources */ = {
			isa = PBXResourcesBuildPhase;
			buildActionMask = 2147483647;
			files = (
				9A704E5C1C5D01B300392DE5 /* LaunchScreen.storyboard in Resources */,
				9A704E591C5D01B300392DE5 /* Assets.xcassets in Resources */,
				9A704E571C5D01B300392DE5 /* Main.storyboard in Resources */,
			);
			runOnlyForDeploymentPostprocessing = 0;
		};
		9A722F521C5A49AE0087908D /* Resources */ = {
			isa = PBXResourcesBuildPhase;
			buildActionMask = 2147483647;
			files = (
				9A148D641EDB1ABF002E610C /* user.json in Resources */,
				9A148D5B1EDB1ABF002E610C /* cat.jpg in Resources */,
				9A148D5E1EDB1ABF002E610C /* invalid.json in Resources */,
			);
			runOnlyForDeploymentPostprocessing = 0;
		};
/* End PBXResourcesBuildPhase section */

/* Begin PBXShellScriptBuildPhase section */
		9A7FA1B71FBCBE6B00C80AED /* SwiftLint */ = {
			isa = PBXShellScriptBuildPhase;
			alwaysOutOfDate = 1;
			buildActionMask = 2147483647;
			files = (
			);
			inputPaths = (
			);
			name = SwiftLint;
			outputPaths = (
			);
			runOnlyForDeploymentPostprocessing = 0;
			shellPath = /bin/sh;
			shellScript = "if which swiftlint >/dev/null; then\nswiftlint --fix --config \"${SRCROOT}/.swiftlint.yml\"\nswiftlint --config \"${SRCROOT}/.swiftlint.yml\"\nelse\necho \"warning: SwiftLint not installed, download from https://github.com/realm/SwiftLint\"\nfi\n";
		};
/* End PBXShellScriptBuildPhase section */

/* Begin PBXSourcesBuildPhase section */
		3EC5C87D22A7DD9C00B42774 /* Sources */ = {
			isa = PBXSourcesBuildPhase;
			buildActionMask = 2147483647;
			files = (
				3EC5C8D622A7E79A00B42774 /* Tron+RxSwift.swift in Sources */,
			);
			runOnlyForDeploymentPostprocessing = 0;
		};
		3EC5C89422A7DF0300B42774 /* Sources */ = {
			isa = PBXSourcesBuildPhase;
			buildActionMask = 2147483647;
			files = (
				3EC5C8D522A7E79400B42774 /* SwiftyJSONDecodable.swift in Sources */,
			);
			runOnlyForDeploymentPostprocessing = 0;
		};
		9A704E4B1C5D01B300392DE5 /* Sources */ = {
			isa = PBXSourcesBuildPhase;
			buildActionMask = 2147483647;
			files = (
				9A704E541C5D01B300392DE5 /* ViewController.swift in Sources */,
				9A704E521C5D01B300392DE5 /* AppDelegate.swift in Sources */,
				9A704E761C5D01D300392DE5 /* CRUD.swift in Sources */,
			);
			runOnlyForDeploymentPostprocessing = 0;
		};
		9A722F451C5A49AE0087908D /* Sources */ = {
			isa = PBXSourcesBuildPhase;
			buildActionMask = 2147483647;
			files = (
				3EC5C8C922A7E78F00B42774 /* BaseRequest.swift in Sources */,
				3EC5C8CE22A7E78F00B42774 /* NetworkLoggerPlugin.swift in Sources */,
				3EC5C8D322A7E78F00B42774 /* Plugin.swift in Sources */,
				9A82444F2497B805002CC575 /* Combine.swift in Sources */,
				3EC5C8D222A7E78F00B42774 /* APIRequest.swift in Sources */,
				3EC5C8CF22A7E78F00B42774 /* DownloadAPIRequest.swift in Sources */,
				3EC5C8CD22A7E78F00B42774 /* TRONCodable.swift in Sources */,
				41BAE4EC26738941000D314D /* Concurrency.swift in Sources */,
				3EC5C8D122A7E78F00B42774 /* URLBuilder.swift in Sources */,
				9ABE13FD2459A2BB008874D2 /* Exports.swift in Sources */,
				3EC5C8D022A7E78F00B42774 /* NetworkActivityPlugin.swift in Sources */,
				3EC5C8CA22A7E78F00B42774 /* APIError.swift in Sources */,
				3EC5C8C822A7E78F00B42774 /* APIStub.swift in Sources */,
				3EC5C8CB22A7E78F00B42774 /* UploadAPIRequest.swift in Sources */,
				3EC5C8D422A7E78F00B42774 /* Serialization.swift in Sources */,
				3EC5C8CC22A7E78F00B42774 /* TRON.swift in Sources */,
			);
			runOnlyForDeploymentPostprocessing = 0;
		};
		9A722F501C5A49AE0087908D /* Sources */ = {
			isa = PBXSourcesBuildPhase;
			buildActionMask = 2147483647;
			files = (
				3E74A627215F8B5800091078 /* StubbingURLProtocol.swift in Sources */,
				3E74A61F215F8AEA00091078 /* APIRequestTestCase.swift in Sources */,
				3E74A624215F8AEA00091078 /* ResponseSerializationTestCase.swift in Sources */,
				3E74A622215F8AEA00091078 /* URLBuilderTestCase.swift in Sources */,
				3E74A61C215F8AEA00091078 /* UploadTestCase.swift in Sources */,
				3E74A620215F8AEA00091078 /* ApiStubbingTestCase.swift in Sources */,
				3E74A618215F8AEA00091078 /* TronTestCase.swift in Sources */,
				3E74A61D215F8AEA00091078 /* RxSwiftExtensionTestCase.swift in Sources */,
				3E74A61A215F8AEA00091078 /* DownloadTestCase.swift in Sources */,
				3E74A619215F8AEA00091078 /* PluginTestCase.swift in Sources */,
				412E6D322698648D006981C3 /* ConcurrencyTestCase.swift in Sources */,
				9A148D611EDB1ABF002E610C /* TronError.swift in Sources */,
				3E74A61E215F8AEA00091078 /* CodableTestCase.swift in Sources */,
				3E74A61B215F8AEA00091078 /* HeaderBuilderTestCase.swift in Sources */,
				3E74A621215F8AEA00091078 /* PluginTester.swift in Sources */,
				3E74A623215F8AEA00091078 /* JSONDecodableTestCase.swift in Sources */,
				9A71B8EC2497CA5000FB5CD6 /* CombineTestCase.swift in Sources */,
				3ED4051622B5667A0055ED5B /* BaseRequestTestCase.swift in Sources */,
				3E601DCA21F8BBE40062E095 /* ProtocolStubbedTestCase.swift in Sources */,
			);
			runOnlyForDeploymentPostprocessing = 0;
		};
/* End PBXSourcesBuildPhase section */

/* Begin PBXTargetDependency section */
		3EC5C88722A7DD9C00B42774 /* PBXTargetDependency */ = {
			isa = PBXTargetDependency;
			target = 3EC5C88022A7DD9C00B42774 /* RxTRON */;
			targetProxy = 3EC5C88622A7DD9C00B42774 /* PBXContainerItemProxy */;
		};
		3EC5C88E22A7DDA200B42774 /* PBXTargetDependency */ = {
			isa = PBXTargetDependency;
			target = 9A722F491C5A49AE0087908D /* TRON */;
			targetProxy = 3EC5C88D22A7DDA200B42774 /* PBXContainerItemProxy */;
		};
		3EC5C89222A7DEEB00B42774 /* PBXTargetDependency */ = {
			isa = PBXTargetDependency;
			target = 3EC5C88022A7DD9C00B42774 /* RxTRON */;
			targetProxy = 3EC5C89122A7DEEB00B42774 /* PBXContainerItemProxy */;
		};
		3EC5C89E22A7DF0300B42774 /* PBXTargetDependency */ = {
			isa = PBXTargetDependency;
			target = 3EC5C89722A7DF0300B42774 /* TRONSwiftyJSON */;
			targetProxy = 3EC5C89D22A7DF0300B42774 /* PBXContainerItemProxy */;
		};
		3EC5C8A522A7DF0D00B42774 /* PBXTargetDependency */ = {
			isa = PBXTargetDependency;
			target = 9A722F491C5A49AE0087908D /* TRON */;
			targetProxy = 3EC5C8A422A7DF0D00B42774 /* PBXContainerItemProxy */;
		};
		3EC5C8A922A7DF8100B42774 /* PBXTargetDependency */ = {
			isa = PBXTargetDependency;
			target = 3EC5C89722A7DF0300B42774 /* TRONSwiftyJSON */;
			targetProxy = 3EC5C8A822A7DF8100B42774 /* PBXContainerItemProxy */;
		};
		9A704E831C5D01EC00392DE5 /* PBXTargetDependency */ = {
			isa = PBXTargetDependency;
			target = 9A722F491C5A49AE0087908D /* TRON */;
			targetProxy = 9A704E821C5D01EC00392DE5 /* PBXContainerItemProxy */;
		};
		9A722F571C5A49AE0087908D /* PBXTargetDependency */ = {
			isa = PBXTargetDependency;
			target = 9A722F491C5A49AE0087908D /* TRON */;
			targetProxy = 9A722F561C5A49AE0087908D /* PBXContainerItemProxy */;
		};
/* End PBXTargetDependency section */

/* Begin PBXVariantGroup section */
		9A704E551C5D01B300392DE5 /* Main.storyboard */ = {
			isa = PBXVariantGroup;
			children = (
				9A704E561C5D01B300392DE5 /* Base */,
			);
			name = Main.storyboard;
			sourceTree = "<group>";
		};
		9A704E5A1C5D01B300392DE5 /* LaunchScreen.storyboard */ = {
			isa = PBXVariantGroup;
			children = (
				9A704E5B1C5D01B300392DE5 /* Base */,
			);
			name = LaunchScreen.storyboard;
			sourceTree = "<group>";
		};
/* End PBXVariantGroup section */

/* Begin XCBuildConfiguration section */
		3EC5C88A22A7DD9C00B42774 /* Debug */ = {
			isa = XCBuildConfiguration;
			buildSettings = {
				CODE_SIGN_STYLE = Manual;
				DEAD_CODE_STRIPPING = YES;
				DEVELOPMENT_TEAM = "";
				DYLIB_COMPATIBILITY_VERSION = 1;
				DYLIB_CURRENT_VERSION = 1;
				DYLIB_INSTALL_NAME_BASE = "@rpath";
				INFOPLIST_FILE = "$(SRCROOT)/Supporting files/Framework.plist";
				INSTALL_PATH = "$(LOCAL_LIBRARY_DIR)/Frameworks";
				LD_RUNPATH_SEARCH_PATHS = (
					"$(inherited)",
					"@executable_path/Frameworks",
					"@loader_path/Frameworks",
				);
				PRODUCT_BUNDLE_IDENTIFIER = com.mlsdev.RxTRON;
				PRODUCT_NAME = "$(TARGET_NAME:c99extidentifier)";
				PROVISIONING_PROFILE_SPECIFIER = "";
				SKIP_INSTALL = YES;
			};
			name = Debug;
		};
		3EC5C88B22A7DD9C00B42774 /* Release */ = {
			isa = XCBuildConfiguration;
			buildSettings = {
				CODE_SIGN_STYLE = Manual;
				DEAD_CODE_STRIPPING = YES;
				DEVELOPMENT_TEAM = "";
				DYLIB_COMPATIBILITY_VERSION = 1;
				DYLIB_CURRENT_VERSION = 1;
				DYLIB_INSTALL_NAME_BASE = "@rpath";
				INFOPLIST_FILE = "$(SRCROOT)/Supporting files/Framework.plist";
				INSTALL_PATH = "$(LOCAL_LIBRARY_DIR)/Frameworks";
				LD_RUNPATH_SEARCH_PATHS = (
					"$(inherited)",
					"@executable_path/Frameworks",
					"@loader_path/Frameworks",
				);
				PRODUCT_BUNDLE_IDENTIFIER = com.mlsdev.RxTRON;
				PRODUCT_NAME = "$(TARGET_NAME:c99extidentifier)";
				PROVISIONING_PROFILE_SPECIFIER = "";
				SKIP_INSTALL = YES;
			};
			name = Release;
		};
		3EC5C8A222A7DF0300B42774 /* Debug */ = {
			isa = XCBuildConfiguration;
			buildSettings = {
				CODE_SIGN_STYLE = Manual;
				DEAD_CODE_STRIPPING = YES;
				DEVELOPMENT_TEAM = "";
				DYLIB_COMPATIBILITY_VERSION = 1;
				DYLIB_CURRENT_VERSION = 1;
				DYLIB_INSTALL_NAME_BASE = "@rpath";
				INFOPLIST_FILE = "$(SRCROOT)/Supporting files/Framework.plist";
				INSTALL_PATH = "$(LOCAL_LIBRARY_DIR)/Frameworks";
				LD_RUNPATH_SEARCH_PATHS = (
					"$(inherited)",
					"@executable_path/Frameworks",
					"@loader_path/Frameworks",
				);
				PRODUCT_BUNDLE_IDENTIFIER = com.mlsdev.TRONSwiftyJSON;
				PRODUCT_NAME = "$(TARGET_NAME:c99extidentifier)";
				PROVISIONING_PROFILE_SPECIFIER = "";
				SKIP_INSTALL = YES;
			};
			name = Debug;
		};
		3EC5C8A322A7DF0300B42774 /* Release */ = {
			isa = XCBuildConfiguration;
			buildSettings = {
				CODE_SIGN_STYLE = Manual;
				DEAD_CODE_STRIPPING = YES;
				DEVELOPMENT_TEAM = "";
				DYLIB_COMPATIBILITY_VERSION = 1;
				DYLIB_CURRENT_VERSION = 1;
				DYLIB_INSTALL_NAME_BASE = "@rpath";
				INFOPLIST_FILE = "$(SRCROOT)/Supporting files/Framework.plist";
				INSTALL_PATH = "$(LOCAL_LIBRARY_DIR)/Frameworks";
				LD_RUNPATH_SEARCH_PATHS = (
					"$(inherited)",
					"@executable_path/Frameworks",
					"@loader_path/Frameworks",
				);
				PRODUCT_BUNDLE_IDENTIFIER = com.mlsdev.TRONSwiftyJSON;
				PRODUCT_NAME = "$(TARGET_NAME:c99extidentifier)";
				PROVISIONING_PROFILE_SPECIFIER = "";
				SKIP_INSTALL = YES;
			};
			name = Release;
		};
		9A704E5E1C5D01B300392DE5 /* Debug */ = {
			isa = XCBuildConfiguration;
			buildSettings = {
				ALWAYS_EMBED_SWIFT_STANDARD_LIBRARIES = YES;
				ASSETCATALOG_COMPILER_APPICON_NAME = AppIcon;
				CODE_SIGN_IDENTITY = "iPhone Developer";
				CODE_SIGN_STYLE = Automatic;
				DEVELOPMENT_TEAM = L94VC9ZZXC;
				INFOPLIST_FILE = Example/Info.plist;
				IPHONEOS_DEPLOYMENT_TARGET = 13.0;
				LD_RUNPATH_SEARCH_PATHS = (
					"$(inherited)",
					"@executable_path/Frameworks",
				);
				MACOSX_DEPLOYMENT_TARGET = 10.15;
				PRODUCT_BUNDLE_IDENTIFIER = MLSDev.Example;
				PRODUCT_NAME = "$(TARGET_NAME)";
				PROVISIONING_PROFILE_SPECIFIER = "";
				SDKROOT = iphoneos;
				SUPPORTED_PLATFORMS = "iphonesimulator iphoneos";
				TVOS_DEPLOYMENT_TARGET = 13.0;
				WATCHOS_DEPLOYMENT_TARGET = 7.0;
			};
			name = Debug;
		};
		9A704E5F1C5D01B300392DE5 /* Release */ = {
			isa = XCBuildConfiguration;
			buildSettings = {
				ALWAYS_EMBED_SWIFT_STANDARD_LIBRARIES = YES;
				ASSETCATALOG_COMPILER_APPICON_NAME = AppIcon;
				CODE_SIGN_IDENTITY = "iPhone Developer";
				CODE_SIGN_STYLE = Automatic;
				DEVELOPMENT_TEAM = L94VC9ZZXC;
				INFOPLIST_FILE = Example/Info.plist;
				IPHONEOS_DEPLOYMENT_TARGET = 13.0;
				LD_RUNPATH_SEARCH_PATHS = (
					"$(inherited)",
					"@executable_path/Frameworks",
				);
				MACOSX_DEPLOYMENT_TARGET = 10.15;
				PRODUCT_BUNDLE_IDENTIFIER = MLSDev.Example;
				PRODUCT_NAME = "$(TARGET_NAME)";
				PROVISIONING_PROFILE_SPECIFIER = "";
				SDKROOT = iphoneos;
				SUPPORTED_PLATFORMS = "iphonesimulator iphoneos";
				TVOS_DEPLOYMENT_TARGET = 13.0;
				WATCHOS_DEPLOYMENT_TARGET = 7.0;
			};
			name = Release;
		};
		9A722F5C1C5A49AE0087908D /* Debug */ = {
			isa = XCBuildConfiguration;
			buildSettings = {
				ALWAYS_SEARCH_USER_PATHS = NO;
				APPLICATION_EXTENSION_API_ONLY = YES;
				CLANG_ANALYZER_LOCALIZABILITY_NONLOCALIZED = YES;
				CLANG_ENABLE_OBJC_ARC = YES;
				CLANG_WARN_BLOCK_CAPTURE_AUTORELEASING = YES;
				CLANG_WARN_BOOL_CONVERSION = YES;
				CLANG_WARN_COMMA = YES;
				CLANG_WARN_CONSTANT_CONVERSION = YES;
				CLANG_WARN_DEPRECATED_OBJC_IMPLEMENTATIONS = YES;
				CLANG_WARN_DIRECT_OBJC_ISA_USAGE = YES_ERROR;
				CLANG_WARN_EMPTY_BODY = YES;
				CLANG_WARN_ENUM_CONVERSION = YES;
				CLANG_WARN_INFINITE_RECURSION = YES;
				CLANG_WARN_INT_CONVERSION = YES;
				CLANG_WARN_NON_LITERAL_NULL_CONVERSION = YES;
				CLANG_WARN_OBJC_IMPLICIT_RETAIN_SELF = YES;
				CLANG_WARN_OBJC_LITERAL_CONVERSION = YES;
				CLANG_WARN_OBJC_ROOT_CLASS = YES_ERROR;
				CLANG_WARN_QUOTED_INCLUDE_IN_FRAMEWORK_HEADER = YES;
				CLANG_WARN_RANGE_LOOP_ANALYSIS = YES;
				CLANG_WARN_STRICT_PROTOTYPES = YES;
				CLANG_WARN_SUSPICIOUS_MOVE = YES;
				CLANG_WARN_UNREACHABLE_CODE = YES;
				CLANG_WARN__DUPLICATE_METHOD_MATCH = YES;
				"CODE_SIGN_IDENTITY[sdk=iphoneos*]" = "iPhone Developer";
				COPY_PHASE_STRIP = NO;
				CURRENT_PROJECT_VERSION = 1;
				DEAD_CODE_STRIPPING = YES;
				DEBUG_INFORMATION_FORMAT = dwarf;
				ENABLE_STRICT_OBJC_MSGSEND = YES;
				ENABLE_TESTABILITY = YES;
				GCC_NO_COMMON_BLOCKS = YES;
				GCC_OPTIMIZATION_LEVEL = 0;
				GCC_WARN_64_TO_32_BIT_CONVERSION = YES;
				GCC_WARN_ABOUT_RETURN_TYPE = YES_ERROR;
				GCC_WARN_UNDECLARED_SELECTOR = YES;
				GCC_WARN_UNINITIALIZED_AUTOS = YES_AGGRESSIVE;
				GCC_WARN_UNUSED_FUNCTION = YES;
				GCC_WARN_UNUSED_VARIABLE = YES;
				IPHONEOS_DEPLOYMENT_TARGET = 11.0;
				MACOSX_DEPLOYMENT_TARGET = 10.13;
				ONLY_ACTIVE_ARCH = YES;
				SUPPORTED_PLATFORMS = "iphonesimulator iphoneos appletvsimulator appletvos watchsimulator watchos macosx";
				SWIFT_INSTALL_OBJC_HEADER = NO;
				SWIFT_OPTIMIZATION_LEVEL = "-Onone";
				SWIFT_SWIFT3_OBJC_INFERENCE = Off;
				SWIFT_VERSION = 5.0;
				TVOS_DEPLOYMENT_TARGET = 11.0;
				VERSIONING_SYSTEM = "apple-generic";
				VERSION_INFO_PREFIX = "";
				WATCHOS_DEPLOYMENT_TARGET = 4.0;
			};
			name = Debug;
		};
		9A722F5D1C5A49AE0087908D /* Release */ = {
			isa = XCBuildConfiguration;
			buildSettings = {
				ALWAYS_SEARCH_USER_PATHS = NO;
				APPLICATION_EXTENSION_API_ONLY = YES;
				CLANG_ANALYZER_LOCALIZABILITY_NONLOCALIZED = YES;
				CLANG_ENABLE_OBJC_ARC = YES;
				CLANG_WARN_BLOCK_CAPTURE_AUTORELEASING = YES;
				CLANG_WARN_BOOL_CONVERSION = YES;
				CLANG_WARN_COMMA = YES;
				CLANG_WARN_CONSTANT_CONVERSION = YES;
				CLANG_WARN_DEPRECATED_OBJC_IMPLEMENTATIONS = YES;
				CLANG_WARN_DIRECT_OBJC_ISA_USAGE = YES_ERROR;
				CLANG_WARN_EMPTY_BODY = YES;
				CLANG_WARN_ENUM_CONVERSION = YES;
				CLANG_WARN_INFINITE_RECURSION = YES;
				CLANG_WARN_INT_CONVERSION = YES;
				CLANG_WARN_NON_LITERAL_NULL_CONVERSION = YES;
				CLANG_WARN_OBJC_IMPLICIT_RETAIN_SELF = YES;
				CLANG_WARN_OBJC_LITERAL_CONVERSION = YES;
				CLANG_WARN_OBJC_ROOT_CLASS = YES_ERROR;
				CLANG_WARN_QUOTED_INCLUDE_IN_FRAMEWORK_HEADER = YES;
				CLANG_WARN_RANGE_LOOP_ANALYSIS = YES;
				CLANG_WARN_STRICT_PROTOTYPES = YES;
				CLANG_WARN_SUSPICIOUS_MOVE = YES;
				CLANG_WARN_UNREACHABLE_CODE = YES;
				CLANG_WARN__DUPLICATE_METHOD_MATCH = YES;
				"CODE_SIGN_IDENTITY[sdk=iphoneos*]" = "iPhone Developer";
				COPY_PHASE_STRIP = NO;
				CURRENT_PROJECT_VERSION = 1;
				DEAD_CODE_STRIPPING = YES;
				DEBUG_INFORMATION_FORMAT = "dwarf-with-dsym";
				ENABLE_NS_ASSERTIONS = NO;
				ENABLE_STRICT_OBJC_MSGSEND = YES;
				ENABLE_TESTABILITY = YES;
				GCC_NO_COMMON_BLOCKS = YES;
				GCC_WARN_64_TO_32_BIT_CONVERSION = YES;
				GCC_WARN_ABOUT_RETURN_TYPE = YES_ERROR;
				GCC_WARN_UNDECLARED_SELECTOR = YES;
				GCC_WARN_UNINITIALIZED_AUTOS = YES_AGGRESSIVE;
				GCC_WARN_UNUSED_FUNCTION = YES;
				GCC_WARN_UNUSED_VARIABLE = YES;
				IPHONEOS_DEPLOYMENT_TARGET = 11.0;
				MACOSX_DEPLOYMENT_TARGET = 10.13;
				SUPPORTED_PLATFORMS = "iphonesimulator iphoneos appletvsimulator appletvos watchsimulator watchos macosx";
				SWIFT_COMPILATION_MODE = wholemodule;
				SWIFT_INSTALL_OBJC_HEADER = NO;
				SWIFT_SWIFT3_OBJC_INFERENCE = Off;
				SWIFT_VERSION = 5.0;
				TVOS_DEPLOYMENT_TARGET = 11.0;
				VALIDATE_PRODUCT = YES;
				VERSIONING_SYSTEM = "apple-generic";
				VERSION_INFO_PREFIX = "";
				WATCHOS_DEPLOYMENT_TARGET = 4.0;
			};
			name = Release;
		};
		9A722F5F1C5A49AE0087908D /* Debug */ = {
			isa = XCBuildConfiguration;
			buildSettings = {
				"CODE_SIGN_IDENTITY[sdk=iphoneos*]" = "";
				DYLIB_COMPATIBILITY_VERSION = 1;
				DYLIB_CURRENT_VERSION = 1;
				DYLIB_INSTALL_NAME_BASE = "@rpath";
				INFOPLIST_FILE = "$(SRCROOT)/Supporting files/Framework.plist";
				INSTALL_PATH = "$(LOCAL_LIBRARY_DIR)/Frameworks";
				LD_RUNPATH_SEARCH_PATHS = (
					"$(inherited)",
					"@executable_path/Frameworks",
					"@loader_path/Frameworks",
				);
				"OTHER_LDFLAGS[sdk=watch*]" = (
					"-framework",
					CFNetwork,
				);
				PRODUCT_BUNDLE_IDENTIFIER = com.mlsdev.TRON;
				PRODUCT_NAME = TRON;
				SDKROOT = iphoneos;
				SKIP_INSTALL = YES;
			};
			name = Debug;
		};
		9A722F601C5A49AE0087908D /* Release */ = {
			isa = XCBuildConfiguration;
			buildSettings = {
				"CODE_SIGN_IDENTITY[sdk=iphoneos*]" = "";
				DYLIB_COMPATIBILITY_VERSION = 1;
				DYLIB_CURRENT_VERSION = 1;
				DYLIB_INSTALL_NAME_BASE = "@rpath";
				INFOPLIST_FILE = "$(SRCROOT)/Supporting files/Framework.plist";
				INSTALL_PATH = "$(LOCAL_LIBRARY_DIR)/Frameworks";
				LD_RUNPATH_SEARCH_PATHS = (
					"$(inherited)",
					"@executable_path/Frameworks",
					"@loader_path/Frameworks",
				);
				"OTHER_LDFLAGS[sdk=watch*]" = (
					"-framework",
					CFNetwork,
				);
				PRODUCT_BUNDLE_IDENTIFIER = com.mlsdev.TRON;
				PRODUCT_NAME = TRON;
				SDKROOT = iphoneos;
				SKIP_INSTALL = YES;
			};
			name = Release;
		};
		9A722F621C5A49AE0087908D /* Debug */ = {
			isa = XCBuildConfiguration;
			buildSettings = {
				ALWAYS_EMBED_SWIFT_STANDARD_LIBRARIES = YES;
				APPLICATION_EXTENSION_API_ONLY = NO;
				DEAD_CODE_STRIPPING = YES;
				INFOPLIST_FILE = "$(SRCROOT)/Supporting files/Tests.plist";
				LD_RUNPATH_SEARCH_PATHS = (
					"$(inherited)",
					"@executable_path/Frameworks",
					"@loader_path/Frameworks",
				);
				"LD_RUNPATH_SEARCH_PATHS[sdk=macosx*]" = (
					"$(inherited)",
					"@executable_path/../Frameworks",
					"@loader_path/../Frameworks",
				);
				MACOSX_DEPLOYMENT_TARGET = 11.0;
				PRODUCT_BUNDLE_IDENTIFIER = com.mlsdev.TRONTests;
				PRODUCT_NAME = "$(TARGET_NAME)";
				SWIFT_OPTIMIZATION_LEVEL = "-Onone";
			};
			name = Debug;
		};
		9A722F631C5A49AE0087908D /* Release */ = {
			isa = XCBuildConfiguration;
			buildSettings = {
				ALWAYS_EMBED_SWIFT_STANDARD_LIBRARIES = YES;
				APPLICATION_EXTENSION_API_ONLY = NO;
				DEAD_CODE_STRIPPING = YES;
				INFOPLIST_FILE = "$(SRCROOT)/Supporting files/Tests.plist";
				LD_RUNPATH_SEARCH_PATHS = (
					"$(inherited)",
					"@executable_path/Frameworks",
					"@loader_path/Frameworks",
				);
				"LD_RUNPATH_SEARCH_PATHS[sdk=macosx*]" = (
					"$(inherited)",
					"@executable_path/../Frameworks",
					"@loader_path/../Frameworks",
				);
				MACOSX_DEPLOYMENT_TARGET = 11.0;
				PRODUCT_BUNDLE_IDENTIFIER = com.mlsdev.TRONTests;
				PRODUCT_NAME = "$(TARGET_NAME)";
				SWIFT_COMPILATION_MODE = wholemodule;
			};
			name = Release;
		};
/* End XCBuildConfiguration section */

/* Begin XCConfigurationList section */
		3EC5C88C22A7DD9C00B42774 /* Build configuration list for PBXNativeTarget "RxTRON" */ = {
			isa = XCConfigurationList;
			buildConfigurations = (
				3EC5C88A22A7DD9C00B42774 /* Debug */,
				3EC5C88B22A7DD9C00B42774 /* Release */,
			);
			defaultConfigurationIsVisible = 0;
			defaultConfigurationName = Release;
		};
		3EC5C8A122A7DF0300B42774 /* Build configuration list for PBXNativeTarget "TRONSwiftyJSON" */ = {
			isa = XCConfigurationList;
			buildConfigurations = (
				3EC5C8A222A7DF0300B42774 /* Debug */,
				3EC5C8A322A7DF0300B42774 /* Release */,
			);
			defaultConfigurationIsVisible = 0;
			defaultConfigurationName = Release;
		};
		9A704E741C5D01B300392DE5 /* Build configuration list for PBXNativeTarget "Example" */ = {
			isa = XCConfigurationList;
			buildConfigurations = (
				9A704E5E1C5D01B300392DE5 /* Debug */,
				9A704E5F1C5D01B300392DE5 /* Release */,
			);
			defaultConfigurationIsVisible = 0;
			defaultConfigurationName = Release;
		};
		9A722F441C5A49AE0087908D /* Build configuration list for PBXProject "TRON" */ = {
			isa = XCConfigurationList;
			buildConfigurations = (
				9A722F5C1C5A49AE0087908D /* Debug */,
				9A722F5D1C5A49AE0087908D /* Release */,
			);
			defaultConfigurationIsVisible = 0;
			defaultConfigurationName = Release;
		};
		9A722F5E1C5A49AE0087908D /* Build configuration list for PBXNativeTarget "TRON" */ = {
			isa = XCConfigurationList;
			buildConfigurations = (
				9A722F5F1C5A49AE0087908D /* Debug */,
				9A722F601C5A49AE0087908D /* Release */,
			);
			defaultConfigurationIsVisible = 0;
			defaultConfigurationName = Release;
		};
		9A722F611C5A49AE0087908D /* Build configuration list for PBXNativeTarget "Tests" */ = {
			isa = XCConfigurationList;
			buildConfigurations = (
				9A722F621C5A49AE0087908D /* Debug */,
				9A722F631C5A49AE0087908D /* Release */,
			);
			defaultConfigurationIsVisible = 0;
			defaultConfigurationName = Release;
		};
/* End XCConfigurationList section */

/* Begin XCRemoteSwiftPackageReference section */
		9A9803EF22D78987008CB92C /* XCRemoteSwiftPackageReference "RxSwift" */ = {
			isa = XCRemoteSwiftPackageReference;
			repositoryURL = "https://github.com/ReactiveX/RxSwift";
			requirement = {
				kind = upToNextMajorVersion;
				minimumVersion = 6.0.0;
			};
		};
		9A9803F222D789A3008CB92C /* XCRemoteSwiftPackageReference "SwiftyJSON" */ = {
			isa = XCRemoteSwiftPackageReference;
			repositoryURL = "https://github.com/SwiftyJSON/SwiftyJSON";
			requirement = {
				kind = upToNextMajorVersion;
				minimumVersion = 5.0.0;
			};
		};
		9A9803F922D78CAD008CB92C /* XCRemoteSwiftPackageReference "Alamofire" */ = {
			isa = XCRemoteSwiftPackageReference;
			repositoryURL = "https://github.com/Alamofire/Alamofire";
			requirement = {
				kind = upToNextMajorVersion;
				minimumVersion = 5.0.0;
			};
		};
/* End XCRemoteSwiftPackageReference section */

/* Begin XCSwiftPackageProductDependency section */
		9A9803F022D78987008CB92C /* RxSwift */ = {
			isa = XCSwiftPackageProductDependency;
			package = 9A9803EF22D78987008CB92C /* XCRemoteSwiftPackageReference "RxSwift" */;
			productName = RxSwift;
		};
		9A9803F322D789A4008CB92C /* SwiftyJSON */ = {
			isa = XCSwiftPackageProductDependency;
			package = 9A9803F222D789A3008CB92C /* XCRemoteSwiftPackageReference "SwiftyJSON" */;
			productName = SwiftyJSON;
		};
		9A9803FA22D78CAD008CB92C /* Alamofire */ = {
			isa = XCSwiftPackageProductDependency;
			package = 9A9803F922D78CAD008CB92C /* XCRemoteSwiftPackageReference "Alamofire" */;
			productName = Alamofire;
		};
/* End XCSwiftPackageProductDependency section */
	};
	rootObject = 9A722F411C5A49AE0087908D /* Project object */;
}
