// !$*UTF8*$!
{
	archiveVersion = 1;
	classes = {
	};
	objectVersion = 46;
	objects = {

/* Begin PBXBuildFile section */
		9A1024C21C5F80DD006E0163 /* Nimble.framework in Frameworks */ = {isa = PBXBuildFile; fileRef = 9AEE0BD51C5A4FB5003222A8 /* Nimble.framework */; };
		9A1024D41C5F8169006E0163 /* TRON.framework in Frameworks */ = {isa = PBXBuildFile; fileRef = 9A1024CA1C5F8169006E0163 /* TRON.framework */; };
		9A1024EC1C5F817B006E0163 /* Alamofire.framework in Frameworks */ = {isa = PBXBuildFile; fileRef = 9AEE0BA81C5A4E0A003222A8 /* Alamofire.framework */; };
		9A1024ED1C5F817F006E0163 /* SwiftyJSON.framework in Frameworks */ = {isa = PBXBuildFile; fileRef = 9AEE0BC31C5A4E2D003222A8 /* SwiftyJSON.framework */; };
		9A1024EE1C5F8187006E0163 /* Nimble.framework in Frameworks */ = {isa = PBXBuildFile; fileRef = 9AEE0BD91C5A4FB5003222A8 /* Nimble.framework */; };
		9A1025121C5F8263006E0163 /* Alamofire.framework in Frameworks */ = {isa = PBXBuildFile; fileRef = 9AEE0BAC1C5A4E0A003222A8 /* Alamofire.framework */; };
		9A1025131C5F8267006E0163 /* SwiftyJSON.framework in Frameworks */ = {isa = PBXBuildFile; fileRef = 9AEE0BC11C5A4E2D003222A8 /* SwiftyJSON.framework */; };
		9A1025591C5F97FA006E0163 /* SwiftyJSON.framework in Frameworks */ = {isa = PBXBuildFile; fileRef = 9AEE0BBD1C5A4E2D003222A8 /* SwiftyJSON.framework */; };
		9A10255A1C5F97FD006E0163 /* Alamofire.framework in Frameworks */ = {isa = PBXBuildFile; fileRef = 9AEE0BA41C5A4E0A003222A8 /* Alamofire.framework */; };
		9A10255B1C5F9804006E0163 /* TRON.framework in Frameworks */ = {isa = PBXBuildFile; fileRef = 9A1024921C5F806A006E0163 /* TRON.framework */; };
		9A704E521C5D01B300392DE5 /* AppDelegate.swift in Sources */ = {isa = PBXBuildFile; fileRef = 9A704E511C5D01B300392DE5 /* AppDelegate.swift */; };
		9A704E541C5D01B300392DE5 /* ViewController.swift in Sources */ = {isa = PBXBuildFile; fileRef = 9A704E531C5D01B300392DE5 /* ViewController.swift */; };
		9A704E571C5D01B300392DE5 /* Main.storyboard in Resources */ = {isa = PBXBuildFile; fileRef = 9A704E551C5D01B300392DE5 /* Main.storyboard */; };
		9A704E591C5D01B300392DE5 /* Assets.xcassets in Resources */ = {isa = PBXBuildFile; fileRef = 9A704E581C5D01B300392DE5 /* Assets.xcassets */; };
		9A704E5C1C5D01B300392DE5 /* LaunchScreen.storyboard in Resources */ = {isa = PBXBuildFile; fileRef = 9A704E5A1C5D01B300392DE5 /* LaunchScreen.storyboard */; };
		9A704E761C5D01D300392DE5 /* CRUD.swift in Sources */ = {isa = PBXBuildFile; fileRef = 9A704E751C5D01D300392DE5 /* CRUD.swift */; };
		9A704E771C5D01DF00392DE5 /* SwiftyJSON.framework in Frameworks */ = {isa = PBXBuildFile; fileRef = 9AEE0BB91C5A4E2D003222A8 /* SwiftyJSON.framework */; };
		9A704E781C5D01DF00392DE5 /* SwiftyJSON.framework in Embed Frameworks */ = {isa = PBXBuildFile; fileRef = 9AEE0BB91C5A4E2D003222A8 /* SwiftyJSON.framework */; settings = {ATTRIBUTES = (CodeSignOnCopy, RemoveHeadersOnCopy, ); }; };
		9A704E7C1C5D01E500392DE5 /* Alamofire.framework in Frameworks */ = {isa = PBXBuildFile; fileRef = 9AEE0BA01C5A4E0A003222A8 /* Alamofire.framework */; };
		9A704E7D1C5D01E500392DE5 /* Alamofire.framework in Embed Frameworks */ = {isa = PBXBuildFile; fileRef = 9AEE0BA01C5A4E0A003222A8 /* Alamofire.framework */; settings = {ATTRIBUTES = (CodeSignOnCopy, RemoveHeadersOnCopy, ); }; };
		9A704E801C5D01EC00392DE5 /* TRON.framework in Frameworks */ = {isa = PBXBuildFile; fileRef = 9A722F4A1C5A49AE0087908D /* TRON.framework */; };
		9A704E811C5D01EC00392DE5 /* TRON.framework in Embed Frameworks */ = {isa = PBXBuildFile; fileRef = 9A722F4A1C5A49AE0087908D /* TRON.framework */; settings = {ATTRIBUTES = (CodeSignOnCopy, RemoveHeadersOnCopy, ); }; };
		9A722F551C5A49AE0087908D /* TRON.framework in Frameworks */ = {isa = PBXBuildFile; fileRef = 9A722F4A1C5A49AE0087908D /* TRON.framework */; };
		9A90CC271C5FAB5600472DB8 /* APIRequest.swift in Sources */ = {isa = PBXBuildFile; fileRef = 9A90CC241C5FAB5600472DB8 /* APIRequest.swift */; };
		9A90CC281C5FAB5600472DB8 /* APIRequest.swift in Sources */ = {isa = PBXBuildFile; fileRef = 9A90CC241C5FAB5600472DB8 /* APIRequest.swift */; };
		9A90CC291C5FAB5600472DB8 /* APIRequest.swift in Sources */ = {isa = PBXBuildFile; fileRef = 9A90CC241C5FAB5600472DB8 /* APIRequest.swift */; };
		9A90CC2A1C5FAB5600472DB8 /* APIRequest.swift in Sources */ = {isa = PBXBuildFile; fileRef = 9A90CC241C5FAB5600472DB8 /* APIRequest.swift */; };
		9A90CC2B1C5FAB5600472DB8 /* APIStub.swift in Sources */ = {isa = PBXBuildFile; fileRef = 9A90CC251C5FAB5600472DB8 /* APIStub.swift */; };
		9A90CC2C1C5FAB5600472DB8 /* APIStub.swift in Sources */ = {isa = PBXBuildFile; fileRef = 9A90CC251C5FAB5600472DB8 /* APIStub.swift */; };
		9A90CC2D1C5FAB5600472DB8 /* APIStub.swift in Sources */ = {isa = PBXBuildFile; fileRef = 9A90CC251C5FAB5600472DB8 /* APIStub.swift */; };
		9A90CC2E1C5FAB5600472DB8 /* APIStub.swift in Sources */ = {isa = PBXBuildFile; fileRef = 9A90CC251C5FAB5600472DB8 /* APIStub.swift */; };
		9A90CC2F1C5FAB5600472DB8 /* TRON.swift in Sources */ = {isa = PBXBuildFile; fileRef = 9A90CC261C5FAB5600472DB8 /* TRON.swift */; };
		9A90CC301C5FAB5600472DB8 /* TRON.swift in Sources */ = {isa = PBXBuildFile; fileRef = 9A90CC261C5FAB5600472DB8 /* TRON.swift */; };
		9A90CC311C5FAB5600472DB8 /* TRON.swift in Sources */ = {isa = PBXBuildFile; fileRef = 9A90CC261C5FAB5600472DB8 /* TRON.swift */; };
		9A90CC321C5FAB5600472DB8 /* TRON.swift in Sources */ = {isa = PBXBuildFile; fileRef = 9A90CC261C5FAB5600472DB8 /* TRON.swift */; };
		9A90CC381C5FAB6F00472DB8 /* NetworkActivityPlugin.swift in Sources */ = {isa = PBXBuildFile; fileRef = 9A90CC351C5FAB6F00472DB8 /* NetworkActivityPlugin.swift */; };
		9A90CC3C1C5FAB6F00472DB8 /* NetworkLoggerPlugin.swift in Sources */ = {isa = PBXBuildFile; fileRef = 9A90CC361C5FAB6F00472DB8 /* NetworkLoggerPlugin.swift */; };
		9A90CC3D1C5FAB6F00472DB8 /* NetworkLoggerPlugin.swift in Sources */ = {isa = PBXBuildFile; fileRef = 9A90CC361C5FAB6F00472DB8 /* NetworkLoggerPlugin.swift */; };
		9A90CC3E1C5FAB6F00472DB8 /* NetworkLoggerPlugin.swift in Sources */ = {isa = PBXBuildFile; fileRef = 9A90CC361C5FAB6F00472DB8 /* NetworkLoggerPlugin.swift */; };
		9A90CC3F1C5FAB6F00472DB8 /* NetworkLoggerPlugin.swift in Sources */ = {isa = PBXBuildFile; fileRef = 9A90CC361C5FAB6F00472DB8 /* NetworkLoggerPlugin.swift */; };
		9A90CC401C5FAB6F00472DB8 /* Plugin.swift in Sources */ = {isa = PBXBuildFile; fileRef = 9A90CC371C5FAB6F00472DB8 /* Plugin.swift */; };
		9A90CC411C5FAB6F00472DB8 /* Plugin.swift in Sources */ = {isa = PBXBuildFile; fileRef = 9A90CC371C5FAB6F00472DB8 /* Plugin.swift */; };
		9A90CC421C5FAB6F00472DB8 /* Plugin.swift in Sources */ = {isa = PBXBuildFile; fileRef = 9A90CC371C5FAB6F00472DB8 /* Plugin.swift */; };
		9A90CC431C5FAB6F00472DB8 /* Plugin.swift in Sources */ = {isa = PBXBuildFile; fileRef = 9A90CC371C5FAB6F00472DB8 /* Plugin.swift */; };
		9A90CC451C5FAB7F00472DB8 /* MultipartAPIRequest.swift in Sources */ = {isa = PBXBuildFile; fileRef = 9A90CC441C5FAB7F00472DB8 /* MultipartAPIRequest.swift */; };
		9A90CC461C5FAB7F00472DB8 /* MultipartAPIRequest.swift in Sources */ = {isa = PBXBuildFile; fileRef = 9A90CC441C5FAB7F00472DB8 /* MultipartAPIRequest.swift */; };
		9A90CC471C5FAB7F00472DB8 /* MultipartAPIRequest.swift in Sources */ = {isa = PBXBuildFile; fileRef = 9A90CC441C5FAB7F00472DB8 /* MultipartAPIRequest.swift */; };
		9A90CC481C5FAB7F00472DB8 /* MultipartAPIRequest.swift in Sources */ = {isa = PBXBuildFile; fileRef = 9A90CC441C5FAB7F00472DB8 /* MultipartAPIRequest.swift */; };
		9A90CC4E1C5FAB8800472DB8 /* ErrorBuilder.swift in Sources */ = {isa = PBXBuildFile; fileRef = 9A90CC491C5FAB8800472DB8 /* ErrorBuilder.swift */; };
		9A90CC4F1C5FAB8800472DB8 /* ErrorBuilder.swift in Sources */ = {isa = PBXBuildFile; fileRef = 9A90CC491C5FAB8800472DB8 /* ErrorBuilder.swift */; };
		9A90CC501C5FAB8800472DB8 /* ErrorBuilder.swift in Sources */ = {isa = PBXBuildFile; fileRef = 9A90CC491C5FAB8800472DB8 /* ErrorBuilder.swift */; };
		9A90CC511C5FAB8800472DB8 /* ErrorBuilder.swift in Sources */ = {isa = PBXBuildFile; fileRef = 9A90CC491C5FAB8800472DB8 /* ErrorBuilder.swift */; };
		9A90CC521C5FAB8800472DB8 /* HeaderBuilder.swift in Sources */ = {isa = PBXBuildFile; fileRef = 9A90CC4A1C5FAB8800472DB8 /* HeaderBuilder.swift */; };
		9A90CC531C5FAB8800472DB8 /* HeaderBuilder.swift in Sources */ = {isa = PBXBuildFile; fileRef = 9A90CC4A1C5FAB8800472DB8 /* HeaderBuilder.swift */; };
		9A90CC541C5FAB8800472DB8 /* HeaderBuilder.swift in Sources */ = {isa = PBXBuildFile; fileRef = 9A90CC4A1C5FAB8800472DB8 /* HeaderBuilder.swift */; };
		9A90CC551C5FAB8800472DB8 /* HeaderBuilder.swift in Sources */ = {isa = PBXBuildFile; fileRef = 9A90CC4A1C5FAB8800472DB8 /* HeaderBuilder.swift */; };
		9A90CC561C5FAB8800472DB8 /* JSONDecodable.swift in Sources */ = {isa = PBXBuildFile; fileRef = 9A90CC4B1C5FAB8800472DB8 /* JSONDecodable.swift */; };
		9A90CC571C5FAB8800472DB8 /* JSONDecodable.swift in Sources */ = {isa = PBXBuildFile; fileRef = 9A90CC4B1C5FAB8800472DB8 /* JSONDecodable.swift */; };
		9A90CC581C5FAB8800472DB8 /* JSONDecodable.swift in Sources */ = {isa = PBXBuildFile; fileRef = 9A90CC4B1C5FAB8800472DB8 /* JSONDecodable.swift */; };
		9A90CC591C5FAB8800472DB8 /* JSONDecodable.swift in Sources */ = {isa = PBXBuildFile; fileRef = 9A90CC4B1C5FAB8800472DB8 /* JSONDecodable.swift */; };
		9A90CC5A1C5FAB8800472DB8 /* RequestBuilder.swift in Sources */ = {isa = PBXBuildFile; fileRef = 9A90CC4C1C5FAB8800472DB8 /* RequestBuilder.swift */; };
		9A90CC5B1C5FAB8800472DB8 /* RequestBuilder.swift in Sources */ = {isa = PBXBuildFile; fileRef = 9A90CC4C1C5FAB8800472DB8 /* RequestBuilder.swift */; };
		9A90CC5C1C5FAB8800472DB8 /* RequestBuilder.swift in Sources */ = {isa = PBXBuildFile; fileRef = 9A90CC4C1C5FAB8800472DB8 /* RequestBuilder.swift */; };
		9A90CC5D1C5FAB8800472DB8 /* RequestBuilder.swift in Sources */ = {isa = PBXBuildFile; fileRef = 9A90CC4C1C5FAB8800472DB8 /* RequestBuilder.swift */; };
		9A90CC5E1C5FAB8800472DB8 /* ResponseBuilder.swift in Sources */ = {isa = PBXBuildFile; fileRef = 9A90CC4D1C5FAB8800472DB8 /* ResponseBuilder.swift */; };
		9A90CC5F1C5FAB8800472DB8 /* ResponseBuilder.swift in Sources */ = {isa = PBXBuildFile; fileRef = 9A90CC4D1C5FAB8800472DB8 /* ResponseBuilder.swift */; };
		9A90CC601C5FAB8800472DB8 /* ResponseBuilder.swift in Sources */ = {isa = PBXBuildFile; fileRef = 9A90CC4D1C5FAB8800472DB8 /* ResponseBuilder.swift */; };
		9A90CC611C5FAB8800472DB8 /* ResponseBuilder.swift in Sources */ = {isa = PBXBuildFile; fileRef = 9A90CC4D1C5FAB8800472DB8 /* ResponseBuilder.swift */; };
		9A90CC6B1C5FABA100472DB8 /* APIRequestTestCase.swift in Sources */ = {isa = PBXBuildFile; fileRef = 9A90CC621C5FABA100472DB8 /* APIRequestTestCase.swift */; };
		9A90CC6C1C5FABA100472DB8 /* APIRequestTestCase.swift in Sources */ = {isa = PBXBuildFile; fileRef = 9A90CC621C5FABA100472DB8 /* APIRequestTestCase.swift */; };
		9A90CC6D1C5FABA100472DB8 /* APIRequestTestCase.swift in Sources */ = {isa = PBXBuildFile; fileRef = 9A90CC621C5FABA100472DB8 /* APIRequestTestCase.swift */; };
		9A90CC6E1C5FABA100472DB8 /* ApiStubbingTestCase.swift in Sources */ = {isa = PBXBuildFile; fileRef = 9A90CC631C5FABA100472DB8 /* ApiStubbingTestCase.swift */; };
		9A90CC6F1C5FABA100472DB8 /* ApiStubbingTestCase.swift in Sources */ = {isa = PBXBuildFile; fileRef = 9A90CC631C5FABA100472DB8 /* ApiStubbingTestCase.swift */; };
		9A90CC701C5FABA100472DB8 /* ApiStubbingTestCase.swift in Sources */ = {isa = PBXBuildFile; fileRef = 9A90CC631C5FABA100472DB8 /* ApiStubbingTestCase.swift */; };
		9A90CC741C5FABA100472DB8 /* HeaderBuilderTestCase.swift in Sources */ = {isa = PBXBuildFile; fileRef = 9A90CC651C5FABA100472DB8 /* HeaderBuilderTestCase.swift */; };
		9A90CC751C5FABA100472DB8 /* HeaderBuilderTestCase.swift in Sources */ = {isa = PBXBuildFile; fileRef = 9A90CC651C5FABA100472DB8 /* HeaderBuilderTestCase.swift */; };
		9A90CC761C5FABA100472DB8 /* HeaderBuilderTestCase.swift in Sources */ = {isa = PBXBuildFile; fileRef = 9A90CC651C5FABA100472DB8 /* HeaderBuilderTestCase.swift */; };
		9A90CC771C5FABA100472DB8 /* JSONDecodableTestCase.swift in Sources */ = {isa = PBXBuildFile; fileRef = 9A90CC661C5FABA100472DB8 /* JSONDecodableTestCase.swift */; };
		9A90CC781C5FABA100472DB8 /* JSONDecodableTestCase.swift in Sources */ = {isa = PBXBuildFile; fileRef = 9A90CC661C5FABA100472DB8 /* JSONDecodableTestCase.swift */; };
		9A90CC791C5FABA100472DB8 /* JSONDecodableTestCase.swift in Sources */ = {isa = PBXBuildFile; fileRef = 9A90CC661C5FABA100472DB8 /* JSONDecodableTestCase.swift */; };
		9A90CC7A1C5FABA100472DB8 /* PluginTestCase.swift in Sources */ = {isa = PBXBuildFile; fileRef = 9A90CC671C5FABA100472DB8 /* PluginTestCase.swift */; };
		9A90CC7B1C5FABA100472DB8 /* PluginTestCase.swift in Sources */ = {isa = PBXBuildFile; fileRef = 9A90CC671C5FABA100472DB8 /* PluginTestCase.swift */; };
		9A90CC7C1C5FABA100472DB8 /* PluginTestCase.swift in Sources */ = {isa = PBXBuildFile; fileRef = 9A90CC671C5FABA100472DB8 /* PluginTestCase.swift */; };
		9A90CC7D1C5FABA100472DB8 /* PluginTester.swift in Sources */ = {isa = PBXBuildFile; fileRef = 9A90CC681C5FABA100472DB8 /* PluginTester.swift */; };
		9A90CC7E1C5FABA100472DB8 /* PluginTester.swift in Sources */ = {isa = PBXBuildFile; fileRef = 9A90CC681C5FABA100472DB8 /* PluginTester.swift */; };
		9A90CC7F1C5FABA100472DB8 /* PluginTester.swift in Sources */ = {isa = PBXBuildFile; fileRef = 9A90CC681C5FABA100472DB8 /* PluginTester.swift */; };
		9A90CC801C5FABA100472DB8 /* TronTestCase.swift in Sources */ = {isa = PBXBuildFile; fileRef = 9A90CC691C5FABA100472DB8 /* TronTestCase.swift */; };
		9A90CC811C5FABA100472DB8 /* TronTestCase.swift in Sources */ = {isa = PBXBuildFile; fileRef = 9A90CC691C5FABA100472DB8 /* TronTestCase.swift */; };
		9A90CC821C5FABA100472DB8 /* TronTestCase.swift in Sources */ = {isa = PBXBuildFile; fileRef = 9A90CC691C5FABA100472DB8 /* TronTestCase.swift */; };
		9A90CC831C5FABA100472DB8 /* URLBuilderTestCase.swift in Sources */ = {isa = PBXBuildFile; fileRef = 9A90CC6A1C5FABA100472DB8 /* URLBuilderTestCase.swift */; };
		9A90CC841C5FABA100472DB8 /* URLBuilderTestCase.swift in Sources */ = {isa = PBXBuildFile; fileRef = 9A90CC6A1C5FABA100472DB8 /* URLBuilderTestCase.swift */; };
		9A90CC851C5FABA100472DB8 /* URLBuilderTestCase.swift in Sources */ = {isa = PBXBuildFile; fileRef = 9A90CC6A1C5FABA100472DB8 /* URLBuilderTestCase.swift */; };
		9A90CC871C5FABA800472DB8 /* TronError.swift in Sources */ = {isa = PBXBuildFile; fileRef = 9A90CC861C5FABA800472DB8 /* TronError.swift */; };
		9A90CC881C5FABA800472DB8 /* TronError.swift in Sources */ = {isa = PBXBuildFile; fileRef = 9A90CC861C5FABA800472DB8 /* TronError.swift */; };
		9A90CC891C5FABA800472DB8 /* TronError.swift in Sources */ = {isa = PBXBuildFile; fileRef = 9A90CC861C5FABA800472DB8 /* TronError.swift */; };
		9A90CC8D1C5FABBD00472DB8 /* invalid.json in Resources */ = {isa = PBXBuildFile; fileRef = 9A90CC8B1C5FABBD00472DB8 /* invalid.json */; };
		9A90CC8E1C5FABBD00472DB8 /* invalid.json in Resources */ = {isa = PBXBuildFile; fileRef = 9A90CC8B1C5FABBD00472DB8 /* invalid.json */; };
		9A90CC8F1C5FABBD00472DB8 /* invalid.json in Resources */ = {isa = PBXBuildFile; fileRef = 9A90CC8B1C5FABBD00472DB8 /* invalid.json */; };
		9A90CC901C5FABBD00472DB8 /* user.json in Resources */ = {isa = PBXBuildFile; fileRef = 9A90CC8C1C5FABBD00472DB8 /* user.json */; };
		9A90CC911C5FABBD00472DB8 /* user.json in Resources */ = {isa = PBXBuildFile; fileRef = 9A90CC8C1C5FABBD00472DB8 /* user.json */; };
		9A90CC921C5FABBD00472DB8 /* user.json in Resources */ = {isa = PBXBuildFile; fileRef = 9A90CC8C1C5FABBD00472DB8 /* user.json */; };
		9AEE0BAD1C5A4E15003222A8 /* Alamofire.framework in Frameworks */ = {isa = PBXBuildFile; fileRef = 9AEE0BA01C5A4E0A003222A8 /* Alamofire.framework */; };
		9AEE0BC61C5A4E33003222A8 /* SwiftyJSON.framework in Frameworks */ = {isa = PBXBuildFile; fileRef = 9AEE0BB91C5A4E2D003222A8 /* SwiftyJSON.framework */; };
		9AEE0BDC1C5A4FBF003222A8 /* Nimble.framework in Frameworks */ = {isa = PBXBuildFile; fileRef = 9AEE0BD11C5A4FB5003222A8 /* Nimble.framework */; };
/* End PBXBuildFile section */

/* Begin PBXContainerItemProxy section */
		9A10249D1C5F806A006E0163 /* PBXContainerItemProxy */ = {
			isa = PBXContainerItemProxy;
			containerPortal = 9A722F411C5A49AE0087908D /* Project object */;
			proxyType = 1;
			remoteGlobalIDString = 9A1024911C5F806A006E0163;
			remoteInfo = "TRON OSX";
		};
		9A1024D51C5F8169006E0163 /* PBXContainerItemProxy */ = {
			isa = PBXContainerItemProxy;
			containerPortal = 9A722F411C5A49AE0087908D /* Project object */;
			proxyType = 1;
			remoteGlobalIDString = 9A1024C91C5F8169006E0163;
			remoteInfo = "TRON tvOS";
		};
		9A704E791C5D01DF00392DE5 /* PBXContainerItemProxy */ = {
			isa = PBXContainerItemProxy;
			containerPortal = 9AEE0BAE1C5A4E2D003222A8 /* SwiftyJSON.xcodeproj */;
			proxyType = 1;
			remoteGlobalIDString = 2E4FEFDA19575BE100351305;
			remoteInfo = "SwiftyJSON iOS";
		};
		9A704E7E1C5D01E500392DE5 /* PBXContainerItemProxy */ = {
			isa = PBXContainerItemProxy;
			containerPortal = 9AEE0B951C5A4E09003222A8 /* Alamofire.xcodeproj */;
			proxyType = 1;
			remoteGlobalIDString = F8111E3219A95C8B0040E7D1;
			remoteInfo = "Alamofire iOS";
		};
		9A704E821C5D01EC00392DE5 /* PBXContainerItemProxy */ = {
			isa = PBXContainerItemProxy;
			containerPortal = 9A722F411C5A49AE0087908D /* Project object */;
			proxyType = 1;
			remoteGlobalIDString = 9A722F491C5A49AE0087908D;
			remoteInfo = TRON;
		};
		9A722F561C5A49AE0087908D /* PBXContainerItemProxy */ = {
			isa = PBXContainerItemProxy;
			containerPortal = 9A722F411C5A49AE0087908D /* Project object */;
			proxyType = 1;
			remoteGlobalIDString = 9A722F491C5A49AE0087908D;
			remoteInfo = TRON;
		};
		9AEE0B9F1C5A4E0A003222A8 /* PBXContainerItemProxy */ = {
			isa = PBXContainerItemProxy;
			containerPortal = 9AEE0B951C5A4E09003222A8 /* Alamofire.xcodeproj */;
			proxyType = 2;
			remoteGlobalIDString = F8111E3319A95C8B0040E7D1;
			remoteInfo = "Alamofire iOS";
		};
		9AEE0BA11C5A4E0A003222A8 /* PBXContainerItemProxy */ = {
			isa = PBXContainerItemProxy;
			containerPortal = 9AEE0B951C5A4E09003222A8 /* Alamofire.xcodeproj */;
			proxyType = 2;
			remoteGlobalIDString = F8111E3E19A95C8B0040E7D1;
			remoteInfo = "Alamofire iOS Tests";
		};
		9AEE0BA31C5A4E0A003222A8 /* PBXContainerItemProxy */ = {
			isa = PBXContainerItemProxy;
			containerPortal = 9AEE0B951C5A4E09003222A8 /* Alamofire.xcodeproj */;
			proxyType = 2;
			remoteGlobalIDString = 4DD67C0B1A5C55C900ED2280;
			remoteInfo = "Alamofire OSX";
		};
		9AEE0BA51C5A4E0A003222A8 /* PBXContainerItemProxy */ = {
			isa = PBXContainerItemProxy;
			containerPortal = 9AEE0B951C5A4E09003222A8 /* Alamofire.xcodeproj */;
			proxyType = 2;
			remoteGlobalIDString = F829C6B21A7A94F100A2CD59;
			remoteInfo = "Alamofire OSX Tests";
		};
		9AEE0BA71C5A4E0A003222A8 /* PBXContainerItemProxy */ = {
			isa = PBXContainerItemProxy;
			containerPortal = 9AEE0B951C5A4E09003222A8 /* Alamofire.xcodeproj */;
			proxyType = 2;
			remoteGlobalIDString = 4CF626EF1BA7CB3E0011A099;
			remoteInfo = "Alamofire tvOS";
		};
		9AEE0BA91C5A4E0A003222A8 /* PBXContainerItemProxy */ = {
			isa = PBXContainerItemProxy;
			containerPortal = 9AEE0B951C5A4E09003222A8 /* Alamofire.xcodeproj */;
			proxyType = 2;
			remoteGlobalIDString = 4CF626F81BA7CB3E0011A099;
			remoteInfo = "Alamofire tvOS Tests";
		};
		9AEE0BAB1C5A4E0A003222A8 /* PBXContainerItemProxy */ = {
			isa = PBXContainerItemProxy;
			containerPortal = 9AEE0B951C5A4E09003222A8 /* Alamofire.xcodeproj */;
			proxyType = 2;
			remoteGlobalIDString = E4202FE01B667AA100C997FB;
			remoteInfo = "Alamofire watchOS";
		};
		9AEE0BB81C5A4E2D003222A8 /* PBXContainerItemProxy */ = {
			isa = PBXContainerItemProxy;
			containerPortal = 9AEE0BAE1C5A4E2D003222A8 /* SwiftyJSON.xcodeproj */;
			proxyType = 2;
			remoteGlobalIDString = 2E4FEFDB19575BE100351305;
			remoteInfo = "SwiftyJSON iOS";
		};
		9AEE0BBA1C5A4E2D003222A8 /* PBXContainerItemProxy */ = {
			isa = PBXContainerItemProxy;
			containerPortal = 9AEE0BAE1C5A4E2D003222A8 /* SwiftyJSON.xcodeproj */;
			proxyType = 2;
			remoteGlobalIDString = 2E4FEFE619575BE100351305;
			remoteInfo = "SwiftyJSON iOS Tests";
		};
		9AEE0BBC1C5A4E2D003222A8 /* PBXContainerItemProxy */ = {
			isa = PBXContainerItemProxy;
			containerPortal = 9AEE0BAE1C5A4E2D003222A8 /* SwiftyJSON.xcodeproj */;
			proxyType = 2;
			remoteGlobalIDString = 9C7DFC5B1A9102BD005AA3F7;
			remoteInfo = "SwiftyJSON OSX";
		};
		9AEE0BBE1C5A4E2D003222A8 /* PBXContainerItemProxy */ = {
			isa = PBXContainerItemProxy;
			containerPortal = 9AEE0BAE1C5A4E2D003222A8 /* SwiftyJSON.xcodeproj */;
			proxyType = 2;
			remoteGlobalIDString = 9C7DFC651A9102BD005AA3F7;
			remoteInfo = "SwiftyJSON OSX Tests";
		};
		9AEE0BC01C5A4E2D003222A8 /* PBXContainerItemProxy */ = {
			isa = PBXContainerItemProxy;
			containerPortal = 9AEE0BAE1C5A4E2D003222A8 /* SwiftyJSON.xcodeproj */;
			proxyType = 2;
			remoteGlobalIDString = E4D7CCE81B9465A700EE7221;
			remoteInfo = "SwiftyJSON watchOS";
		};
		9AEE0BC21C5A4E2D003222A8 /* PBXContainerItemProxy */ = {
			isa = PBXContainerItemProxy;
			containerPortal = 9AEE0BAE1C5A4E2D003222A8 /* SwiftyJSON.xcodeproj */;
			proxyType = 2;
			remoteGlobalIDString = 7236B4F61BAC14150020529B;
			remoteInfo = "SwiftyJSON tvOS";
		};
		9AEE0BC41C5A4E2D003222A8 /* PBXContainerItemProxy */ = {
			isa = PBXContainerItemProxy;
			containerPortal = 9AEE0BAE1C5A4E2D003222A8 /* SwiftyJSON.xcodeproj */;
			proxyType = 2;
			remoteGlobalIDString = A8580F741BCF5C5B00DA927B;
			remoteInfo = "SwiftyJSON tvOS Tests";
		};
		9AEE0BD01C5A4FB5003222A8 /* PBXContainerItemProxy */ = {
			isa = PBXContainerItemProxy;
			containerPortal = 9AEE0BC71C5A4FB5003222A8 /* Nimble.xcodeproj */;
			proxyType = 2;
			remoteGlobalIDString = 1F1A74291940169200FFFC47;
			remoteInfo = "Nimble-iOS";
		};
		9AEE0BD21C5A4FB5003222A8 /* PBXContainerItemProxy */ = {
			isa = PBXContainerItemProxy;
			containerPortal = 9AEE0BC71C5A4FB5003222A8 /* Nimble.xcodeproj */;
			proxyType = 2;
			remoteGlobalIDString = 1F1A74341940169200FFFC47;
			remoteInfo = "Nimble-iOSTests";
		};
		9AEE0BD41C5A4FB5003222A8 /* PBXContainerItemProxy */ = {
			isa = PBXContainerItemProxy;
			containerPortal = 9AEE0BC71C5A4FB5003222A8 /* Nimble.xcodeproj */;
			proxyType = 2;
			remoteGlobalIDString = 1F925EAD195C0D6300ED456B;
			remoteInfo = "Nimble-OSX";
		};
		9AEE0BD61C5A4FB5003222A8 /* PBXContainerItemProxy */ = {
			isa = PBXContainerItemProxy;
			containerPortal = 9AEE0BC71C5A4FB5003222A8 /* Nimble.xcodeproj */;
			proxyType = 2;
			remoteGlobalIDString = 1F925EB7195C0D6300ED456B;
			remoteInfo = "Nimble-OSXTests";
		};
		9AEE0BD81C5A4FB5003222A8 /* PBXContainerItemProxy */ = {
			isa = PBXContainerItemProxy;
			containerPortal = 9AEE0BC71C5A4FB5003222A8 /* Nimble.xcodeproj */;
			proxyType = 2;
			remoteGlobalIDString = 1F5DF1551BDCA0CE00C3A531;
			remoteInfo = "Nimble-tvOS";
		};
		9AEE0BDA1C5A4FB5003222A8 /* PBXContainerItemProxy */ = {
			isa = PBXContainerItemProxy;
			containerPortal = 9AEE0BC71C5A4FB5003222A8 /* Nimble.xcodeproj */;
			proxyType = 2;
			remoteGlobalIDString = 1F5DF15E1BDCA0CE00C3A531;
			remoteInfo = "Nimble-tvOSTests";
		};
/* End PBXContainerItemProxy section */

/* Begin PBXCopyFilesBuildPhase section */
		9A704E7B1C5D01DF00392DE5 /* Embed Frameworks */ = {
			isa = PBXCopyFilesBuildPhase;
			buildActionMask = 2147483647;
			dstPath = "";
			dstSubfolderSpec = 10;
			files = (
				9A704E781C5D01DF00392DE5 /* SwiftyJSON.framework in Embed Frameworks */,
				9A704E811C5D01EC00392DE5 /* TRON.framework in Embed Frameworks */,
				9A704E7D1C5D01E500392DE5 /* Alamofire.framework in Embed Frameworks */,
			);
			name = "Embed Frameworks";
			runOnlyForDeploymentPostprocessing = 0;
		};
/* End PBXCopyFilesBuildPhase section */

/* Begin PBXFileReference section */
		9A1024921C5F806A006E0163 /* TRON.framework */ = {isa = PBXFileReference; explicitFileType = wrapper.framework; includeInIndex = 0; path = TRON.framework; sourceTree = BUILT_PRODUCTS_DIR; };
		9A10249B1C5F806A006E0163 /* TRON OSXTests.xctest */ = {isa = PBXFileReference; explicitFileType = wrapper.cfbundle; includeInIndex = 0; path = "TRON OSXTests.xctest"; sourceTree = BUILT_PRODUCTS_DIR; };
		9A1024CA1C5F8169006E0163 /* TRON.framework */ = {isa = PBXFileReference; explicitFileType = wrapper.framework; includeInIndex = 0; path = TRON.framework; sourceTree = BUILT_PRODUCTS_DIR; };
		9A1024D31C5F8169006E0163 /* TRON tvOSTests.xctest */ = {isa = PBXFileReference; explicitFileType = wrapper.cfbundle; includeInIndex = 0; path = "TRON tvOSTests.xctest"; sourceTree = BUILT_PRODUCTS_DIR; };
		9A1024FF1C5F8240006E0163 /* TRON.framework */ = {isa = PBXFileReference; explicitFileType = wrapper.framework; includeInIndex = 0; path = TRON.framework; sourceTree = BUILT_PRODUCTS_DIR; };
		9A704E4F1C5D01B300392DE5 /* Example.app */ = {isa = PBXFileReference; explicitFileType = wrapper.application; includeInIndex = 0; path = Example.app; sourceTree = BUILT_PRODUCTS_DIR; };
		9A704E511C5D01B300392DE5 /* AppDelegate.swift */ = {isa = PBXFileReference; lastKnownFileType = sourcecode.swift; path = AppDelegate.swift; sourceTree = "<group>"; };
		9A704E531C5D01B300392DE5 /* ViewController.swift */ = {isa = PBXFileReference; lastKnownFileType = sourcecode.swift; path = ViewController.swift; sourceTree = "<group>"; };
		9A704E561C5D01B300392DE5 /* Base */ = {isa = PBXFileReference; lastKnownFileType = file.storyboard; name = Base; path = Base.lproj/Main.storyboard; sourceTree = "<group>"; };
		9A704E581C5D01B300392DE5 /* Assets.xcassets */ = {isa = PBXFileReference; lastKnownFileType = folder.assetcatalog; path = Assets.xcassets; sourceTree = "<group>"; };
		9A704E5B1C5D01B300392DE5 /* Base */ = {isa = PBXFileReference; lastKnownFileType = file.storyboard; name = Base; path = Base.lproj/LaunchScreen.storyboard; sourceTree = "<group>"; };
		9A704E5D1C5D01B300392DE5 /* Info.plist */ = {isa = PBXFileReference; lastKnownFileType = text.plist.xml; path = Info.plist; sourceTree = "<group>"; };
		9A704E751C5D01D300392DE5 /* CRUD.swift */ = {isa = PBXFileReference; fileEncoding = 4; lastKnownFileType = sourcecode.swift; path = CRUD.swift; sourceTree = "<group>"; };
		9A722F4A1C5A49AE0087908D /* TRON.framework */ = {isa = PBXFileReference; explicitFileType = wrapper.framework; includeInIndex = 0; path = TRON.framework; sourceTree = BUILT_PRODUCTS_DIR; };
		9A722F541C5A49AE0087908D /* TRON iOS Tests.xctest */ = {isa = PBXFileReference; explicitFileType = wrapper.cfbundle; includeInIndex = 0; path = "TRON iOS Tests.xctest"; sourceTree = BUILT_PRODUCTS_DIR; };
		9A722F651C5A4A610087908D /* Framework.plist */ = {isa = PBXFileReference; lastKnownFileType = text.plist.xml; name = Framework.plist; path = "Supporting files/Framework.plist"; sourceTree = "<group>"; };
		9A722F661C5A4A610087908D /* Tests.plist */ = {isa = PBXFileReference; lastKnownFileType = text.plist.xml; name = Tests.plist; path = "Supporting files/Tests.plist"; sourceTree = "<group>"; };
		9A90CC241C5FAB5600472DB8 /* APIRequest.swift */ = {isa = PBXFileReference; fileEncoding = 4; lastKnownFileType = sourcecode.swift; name = APIRequest.swift; path = Source/APIRequest.swift; sourceTree = "<group>"; };
		9A90CC251C5FAB5600472DB8 /* APIStub.swift */ = {isa = PBXFileReference; fileEncoding = 4; lastKnownFileType = sourcecode.swift; name = APIStub.swift; path = Source/APIStub.swift; sourceTree = "<group>"; };
		9A90CC261C5FAB5600472DB8 /* TRON.swift */ = {isa = PBXFileReference; fileEncoding = 4; lastKnownFileType = sourcecode.swift; name = TRON.swift; path = Source/TRON.swift; sourceTree = "<group>"; };
		9A90CC351C5FAB6F00472DB8 /* NetworkActivityPlugin.swift */ = {isa = PBXFileReference; fileEncoding = 4; lastKnownFileType = sourcecode.swift; name = NetworkActivityPlugin.swift; path = Source/NetworkActivityPlugin.swift; sourceTree = "<group>"; };
		9A90CC361C5FAB6F00472DB8 /* NetworkLoggerPlugin.swift */ = {isa = PBXFileReference; fileEncoding = 4; lastKnownFileType = sourcecode.swift; name = NetworkLoggerPlugin.swift; path = Source/NetworkLoggerPlugin.swift; sourceTree = "<group>"; };
		9A90CC371C5FAB6F00472DB8 /* Plugin.swift */ = {isa = PBXFileReference; fileEncoding = 4; lastKnownFileType = sourcecode.swift; name = Plugin.swift; path = Source/Plugin.swift; sourceTree = "<group>"; };
		9A90CC441C5FAB7F00472DB8 /* MultipartAPIRequest.swift */ = {isa = PBXFileReference; fileEncoding = 4; lastKnownFileType = sourcecode.swift; name = MultipartAPIRequest.swift; path = Source/MultipartAPIRequest.swift; sourceTree = "<group>"; };
		9A90CC491C5FAB8800472DB8 /* ErrorBuilder.swift */ = {isa = PBXFileReference; fileEncoding = 4; lastKnownFileType = sourcecode.swift; name = ErrorBuilder.swift; path = Source/ErrorBuilder.swift; sourceTree = "<group>"; };
		9A90CC4A1C5FAB8800472DB8 /* HeaderBuilder.swift */ = {isa = PBXFileReference; fileEncoding = 4; lastKnownFileType = sourcecode.swift; name = HeaderBuilder.swift; path = Source/HeaderBuilder.swift; sourceTree = "<group>"; };
		9A90CC4B1C5FAB8800472DB8 /* JSONDecodable.swift */ = {isa = PBXFileReference; fileEncoding = 4; lastKnownFileType = sourcecode.swift; name = JSONDecodable.swift; path = Source/JSONDecodable.swift; sourceTree = "<group>"; };
		9A90CC4C1C5FAB8800472DB8 /* RequestBuilder.swift */ = {isa = PBXFileReference; fileEncoding = 4; lastKnownFileType = sourcecode.swift; name = RequestBuilder.swift; path = Source/RequestBuilder.swift; sourceTree = "<group>"; };
		9A90CC4D1C5FAB8800472DB8 /* ResponseBuilder.swift */ = {isa = PBXFileReference; fileEncoding = 4; lastKnownFileType = sourcecode.swift; name = ResponseBuilder.swift; path = Source/ResponseBuilder.swift; sourceTree = "<group>"; };
		9A90CC621C5FABA100472DB8 /* APIRequestTestCase.swift */ = {isa = PBXFileReference; fileEncoding = 4; lastKnownFileType = sourcecode.swift; name = APIRequestTestCase.swift; path = Tests/APIRequestTestCase.swift; sourceTree = "<group>"; };
		9A90CC631C5FABA100472DB8 /* ApiStubbingTestCase.swift */ = {isa = PBXFileReference; fileEncoding = 4; lastKnownFileType = sourcecode.swift; name = ApiStubbingTestCase.swift; path = Tests/ApiStubbingTestCase.swift; sourceTree = "<group>"; };
		9A90CC651C5FABA100472DB8 /* HeaderBuilderTestCase.swift */ = {isa = PBXFileReference; fileEncoding = 4; lastKnownFileType = sourcecode.swift; name = HeaderBuilderTestCase.swift; path = Tests/HeaderBuilderTestCase.swift; sourceTree = "<group>"; };
		9A90CC661C5FABA100472DB8 /* JSONDecodableTestCase.swift */ = {isa = PBXFileReference; fileEncoding = 4; lastKnownFileType = sourcecode.swift; name = JSONDecodableTestCase.swift; path = Tests/JSONDecodableTestCase.swift; sourceTree = "<group>"; };
		9A90CC671C5FABA100472DB8 /* PluginTestCase.swift */ = {isa = PBXFileReference; fileEncoding = 4; lastKnownFileType = sourcecode.swift; name = PluginTestCase.swift; path = Tests/PluginTestCase.swift; sourceTree = "<group>"; };
		9A90CC681C5FABA100472DB8 /* PluginTester.swift */ = {isa = PBXFileReference; fileEncoding = 4; lastKnownFileType = sourcecode.swift; name = PluginTester.swift; path = Tests/PluginTester.swift; sourceTree = "<group>"; };
		9A90CC691C5FABA100472DB8 /* TronTestCase.swift */ = {isa = PBXFileReference; fileEncoding = 4; lastKnownFileType = sourcecode.swift; name = TronTestCase.swift; path = Tests/TronTestCase.swift; sourceTree = "<group>"; };
		9A90CC6A1C5FABA100472DB8 /* URLBuilderTestCase.swift */ = {isa = PBXFileReference; fileEncoding = 4; lastKnownFileType = sourcecode.swift; name = URLBuilderTestCase.swift; path = Tests/URLBuilderTestCase.swift; sourceTree = "<group>"; };
		9A90CC861C5FABA800472DB8 /* TronError.swift */ = {isa = PBXFileReference; fileEncoding = 4; lastKnownFileType = sourcecode.swift; name = TronError.swift; path = Tests/Fixtures/TronError.swift; sourceTree = "<group>"; };
		9A90CC8B1C5FABBD00472DB8 /* invalid.json */ = {isa = PBXFileReference; fileEncoding = 4; lastKnownFileType = text.json; name = invalid.json; path = Tests/Fixtures/invalid.json; sourceTree = "<group>"; };
		9A90CC8C1C5FABBD00472DB8 /* user.json */ = {isa = PBXFileReference; fileEncoding = 4; lastKnownFileType = text.json; name = user.json; path = Tests/Fixtures/user.json; sourceTree = "<group>"; };
		9AEE0B951C5A4E09003222A8 /* Alamofire.xcodeproj */ = {isa = PBXFileReference; lastKnownFileType = "wrapper.pb-project"; name = Alamofire.xcodeproj; path = Carthage/Checkouts/Alamofire/Alamofire.xcodeproj; sourceTree = "<group>"; };
		9AEE0BAE1C5A4E2D003222A8 /* SwiftyJSON.xcodeproj */ = {isa = PBXFileReference; lastKnownFileType = "wrapper.pb-project"; name = SwiftyJSON.xcodeproj; path = Carthage/Checkouts/SwiftyJSON/SwiftyJSON.xcodeproj; sourceTree = "<group>"; };
		9AEE0BC71C5A4FB5003222A8 /* Nimble.xcodeproj */ = {isa = PBXFileReference; lastKnownFileType = "wrapper.pb-project"; name = Nimble.xcodeproj; path = Carthage/Checkouts/Nimble/Nimble.xcodeproj; sourceTree = "<group>"; };
/* End PBXFileReference section */

/* Begin PBXFrameworksBuildPhase section */
		9A10248E1C5F806A006E0163 /* Frameworks */ = {
			isa = PBXFrameworksBuildPhase;
			buildActionMask = 2147483647;
			files = (
				9A10255A1C5F97FD006E0163 /* Alamofire.framework in Frameworks */,
				9A1025591C5F97FA006E0163 /* SwiftyJSON.framework in Frameworks */,
			);
			runOnlyForDeploymentPostprocessing = 0;
		};
		9A1024981C5F806A006E0163 /* Frameworks */ = {
			isa = PBXFrameworksBuildPhase;
			buildActionMask = 2147483647;
			files = (
				9A10255B1C5F9804006E0163 /* TRON.framework in Frameworks */,
				9A1024C21C5F80DD006E0163 /* Nimble.framework in Frameworks */,
			);
			runOnlyForDeploymentPostprocessing = 0;
		};
		9A1024C61C5F8169006E0163 /* Frameworks */ = {
			isa = PBXFrameworksBuildPhase;
			buildActionMask = 2147483647;
			files = (
				9A1024ED1C5F817F006E0163 /* SwiftyJSON.framework in Frameworks */,
				9A1024EC1C5F817B006E0163 /* Alamofire.framework in Frameworks */,
			);
			runOnlyForDeploymentPostprocessing = 0;
		};
		9A1024D01C5F8169006E0163 /* Frameworks */ = {
			isa = PBXFrameworksBuildPhase;
			buildActionMask = 2147483647;
			files = (
				9A1024EE1C5F8187006E0163 /* Nimble.framework in Frameworks */,
				9A1024D41C5F8169006E0163 /* TRON.framework in Frameworks */,
			);
			runOnlyForDeploymentPostprocessing = 0;
		};
		9A1024FB1C5F8240006E0163 /* Frameworks */ = {
			isa = PBXFrameworksBuildPhase;
			buildActionMask = 2147483647;
			files = (
				9A1025131C5F8267006E0163 /* SwiftyJSON.framework in Frameworks */,
				9A1025121C5F8263006E0163 /* Alamofire.framework in Frameworks */,
			);
			runOnlyForDeploymentPostprocessing = 0;
		};
		9A704E4C1C5D01B300392DE5 /* Frameworks */ = {
			isa = PBXFrameworksBuildPhase;
			buildActionMask = 2147483647;
			files = (
				9A704E771C5D01DF00392DE5 /* SwiftyJSON.framework in Frameworks */,
				9A704E801C5D01EC00392DE5 /* TRON.framework in Frameworks */,
				9A704E7C1C5D01E500392DE5 /* Alamofire.framework in Frameworks */,
			);
			runOnlyForDeploymentPostprocessing = 0;
		};
		9A722F461C5A49AE0087908D /* Frameworks */ = {
			isa = PBXFrameworksBuildPhase;
			buildActionMask = 2147483647;
			files = (
				9AEE0BC61C5A4E33003222A8 /* SwiftyJSON.framework in Frameworks */,
				9AEE0BAD1C5A4E15003222A8 /* Alamofire.framework in Frameworks */,
			);
			runOnlyForDeploymentPostprocessing = 0;
		};
		9A722F511C5A49AE0087908D /* Frameworks */ = {
			isa = PBXFrameworksBuildPhase;
			buildActionMask = 2147483647;
			files = (
				9AEE0BDC1C5A4FBF003222A8 /* Nimble.framework in Frameworks */,
				9A722F551C5A49AE0087908D /* TRON.framework in Frameworks */,
			);
			runOnlyForDeploymentPostprocessing = 0;
		};
/* End PBXFrameworksBuildPhase section */

/* Begin PBXGroup section */
		9A704E501C5D01B300392DE5 /* Example */ = {
			isa = PBXGroup;
			children = (
				9A704E511C5D01B300392DE5 /* AppDelegate.swift */,
				9A704E531C5D01B300392DE5 /* ViewController.swift */,
				9A704E751C5D01D300392DE5 /* CRUD.swift */,
				9A704E551C5D01B300392DE5 /* Main.storyboard */,
				9A704E581C5D01B300392DE5 /* Assets.xcassets */,
				9A704E5A1C5D01B300392DE5 /* LaunchScreen.storyboard */,
				9A704E5D1C5D01B300392DE5 /* Info.plist */,
			);
			path = Example;
			sourceTree = "<group>";
		};
		9A722F401C5A49AE0087908D = {
			isa = PBXGroup;
			children = (
				9AEE0BC71C5A4FB5003222A8 /* Nimble.xcodeproj */,
				9AEE0BAE1C5A4E2D003222A8 /* SwiftyJSON.xcodeproj */,
				9AEE0B951C5A4E09003222A8 /* Alamofire.xcodeproj */,
				9A90CC221C5FAB3000472DB8 /* Source */,
				9A90CC231C5FAB3400472DB8 /* Tests */,
				9A722F641C5A49C70087908D /* Plists */,
				9A704E501C5D01B300392DE5 /* Example */,
				9A722F4B1C5A49AE0087908D /* Products */,
			);
			sourceTree = "<group>";
		};
		9A722F4B1C5A49AE0087908D /* Products */ = {
			isa = PBXGroup;
			children = (
				9A722F4A1C5A49AE0087908D /* TRON.framework */,
				9A722F541C5A49AE0087908D /* TRON iOS Tests.xctest */,
				9A704E4F1C5D01B300392DE5 /* Example.app */,
				9A1024921C5F806A006E0163 /* TRON.framework */,
				9A10249B1C5F806A006E0163 /* TRON OSXTests.xctest */,
				9A1024CA1C5F8169006E0163 /* TRON.framework */,
				9A1024D31C5F8169006E0163 /* TRON tvOSTests.xctest */,
				9A1024FF1C5F8240006E0163 /* TRON.framework */,
			);
			name = Products;
			sourceTree = "<group>";
		};
		9A722F641C5A49C70087908D /* Plists */ = {
			isa = PBXGroup;
			children = (
				9A722F651C5A4A610087908D /* Framework.plist */,
				9A722F661C5A4A610087908D /* Tests.plist */,
			);
			name = Plists;
			sourceTree = "<group>";
		};
		9A90CC221C5FAB3000472DB8 /* Source */ = {
			isa = PBXGroup;
			children = (
				9A90CC441C5FAB7F00472DB8 /* MultipartAPIRequest.swift */,
				9A90CC241C5FAB5600472DB8 /* APIRequest.swift */,
				9A90CC251C5FAB5600472DB8 /* APIStub.swift */,
				9A90CC261C5FAB5600472DB8 /* TRON.swift */,
				9A90CC331C5FAB5A00472DB8 /* Builders */,
				9A90CC341C5FAB5F00472DB8 /* Plugins */,
			);
			name = Source;
			sourceTree = "<group>";
		};
		9A90CC231C5FAB3400472DB8 /* Tests */ = {
			isa = PBXGroup;
			children = (
				9A90CC8A1C5FABB200472DB8 /* Fixtures */,
				9A90CC621C5FABA100472DB8 /* APIRequestTestCase.swift */,
				9A90CC631C5FABA100472DB8 /* ApiStubbingTestCase.swift */,
				9A90CC651C5FABA100472DB8 /* HeaderBuilderTestCase.swift */,
				9A90CC661C5FABA100472DB8 /* JSONDecodableTestCase.swift */,
				9A90CC671C5FABA100472DB8 /* PluginTestCase.swift */,
				9A90CC681C5FABA100472DB8 /* PluginTester.swift */,
				9A90CC691C5FABA100472DB8 /* TronTestCase.swift */,
				9A90CC6A1C5FABA100472DB8 /* URLBuilderTestCase.swift */,
			);
			name = Tests;
			sourceTree = "<group>";
		};
		9A90CC331C5FAB5A00472DB8 /* Builders */ = {
			isa = PBXGroup;
			children = (
				9A90CC491C5FAB8800472DB8 /* ErrorBuilder.swift */,
				9A90CC4A1C5FAB8800472DB8 /* HeaderBuilder.swift */,
				9A90CC4B1C5FAB8800472DB8 /* JSONDecodable.swift */,
				9A90CC4C1C5FAB8800472DB8 /* RequestBuilder.swift */,
				9A90CC4D1C5FAB8800472DB8 /* ResponseBuilder.swift */,
			);
			name = Builders;
			sourceTree = "<group>";
		};
		9A90CC341C5FAB5F00472DB8 /* Plugins */ = {
			isa = PBXGroup;
			children = (
				9A90CC351C5FAB6F00472DB8 /* NetworkActivityPlugin.swift */,
				9A90CC361C5FAB6F00472DB8 /* NetworkLoggerPlugin.swift */,
				9A90CC371C5FAB6F00472DB8 /* Plugin.swift */,
			);
			name = Plugins;
			sourceTree = "<group>";
		};
		9A90CC8A1C5FABB200472DB8 /* Fixtures */ = {
			isa = PBXGroup;
			children = (
				9A90CC8B1C5FABBD00472DB8 /* invalid.json */,
				9A90CC8C1C5FABBD00472DB8 /* user.json */,
				9A90CC861C5FABA800472DB8 /* TronError.swift */,
			);
			name = Fixtures;
			sourceTree = "<group>";
		};
		9AEE0B961C5A4E09003222A8 /* Products */ = {
			isa = PBXGroup;
			children = (
				9AEE0BA01C5A4E0A003222A8 /* Alamofire.framework */,
				9AEE0BA21C5A4E0A003222A8 /* Alamofire iOS Tests.xctest */,
				9AEE0BA41C5A4E0A003222A8 /* Alamofire.framework */,
				9AEE0BA61C5A4E0A003222A8 /* Alamofire OSX Tests.xctest */,
				9AEE0BA81C5A4E0A003222A8 /* Alamofire.framework */,
				9AEE0BAA1C5A4E0A003222A8 /* Alamofire tvOS Tests.xctest */,
				9AEE0BAC1C5A4E0A003222A8 /* Alamofire.framework */,
			);
			name = Products;
			sourceTree = "<group>";
		};
		9AEE0BAF1C5A4E2D003222A8 /* Products */ = {
			isa = PBXGroup;
			children = (
				9AEE0BB91C5A4E2D003222A8 /* SwiftyJSON.framework */,
				9AEE0BBB1C5A4E2D003222A8 /* SwiftyJSON iOS Tests.xctest */,
				9AEE0BBD1C5A4E2D003222A8 /* SwiftyJSON.framework */,
				9AEE0BBF1C5A4E2D003222A8 /* SwiftyJSON OSX Tests.xctest */,
				9AEE0BC11C5A4E2D003222A8 /* SwiftyJSON.framework */,
				9AEE0BC31C5A4E2D003222A8 /* SwiftyJSON.framework */,
				9AEE0BC51C5A4E2D003222A8 /* SwiftyJSON tvOS Tests.xctest */,
			);
			name = Products;
			sourceTree = "<group>";
		};
		9AEE0BC81C5A4FB5003222A8 /* Products */ = {
			isa = PBXGroup;
			children = (
				9AEE0BD11C5A4FB5003222A8 /* Nimble.framework */,
				9AEE0BD31C5A4FB5003222A8 /* NimbleTests.xctest */,
				9AEE0BD51C5A4FB5003222A8 /* Nimble.framework */,
				9AEE0BD71C5A4FB5003222A8 /* NimbleTests.xctest */,
				9AEE0BD91C5A4FB5003222A8 /* Nimble.framework */,
				9AEE0BDB1C5A4FB5003222A8 /* NimbleTests.xctest */,
			);
			name = Products;
			sourceTree = "<group>";
		};
/* End PBXGroup section */

/* Begin PBXHeadersBuildPhase section */
		9A10248F1C5F806A006E0163 /* Headers */ = {
			isa = PBXHeadersBuildPhase;
			buildActionMask = 2147483647;
			files = (
			);
			runOnlyForDeploymentPostprocessing = 0;
		};
		9A1024C71C5F8169006E0163 /* Headers */ = {
			isa = PBXHeadersBuildPhase;
			buildActionMask = 2147483647;
			files = (
			);
			runOnlyForDeploymentPostprocessing = 0;
		};
		9A1024FC1C5F8240006E0163 /* Headers */ = {
			isa = PBXHeadersBuildPhase;
			buildActionMask = 2147483647;
			files = (
			);
			runOnlyForDeploymentPostprocessing = 0;
		};
		9A722F471C5A49AE0087908D /* Headers */ = {
			isa = PBXHeadersBuildPhase;
			buildActionMask = 2147483647;
			files = (
			);
			runOnlyForDeploymentPostprocessing = 0;
		};
/* End PBXHeadersBuildPhase section */

/* Begin PBXNativeTarget section */
		9A1024911C5F806A006E0163 /* TRON OSX */ = {
			isa = PBXNativeTarget;
			buildConfigurationList = 9A1024A31C5F806A006E0163 /* Build configuration list for PBXNativeTarget "TRON OSX" */;
			buildPhases = (
				9A10248D1C5F806A006E0163 /* Sources */,
				9A10248E1C5F806A006E0163 /* Frameworks */,
				9A10248F1C5F806A006E0163 /* Headers */,
				9A1024901C5F806A006E0163 /* Resources */,
			);
			buildRules = (
			);
			dependencies = (
			);
			name = "TRON OSX";
			productName = "TRON OSX";
			productReference = 9A1024921C5F806A006E0163 /* TRON.framework */;
			productType = "com.apple.product-type.framework";
		};
		9A10249A1C5F806A006E0163 /* TRON OSXTests */ = {
			isa = PBXNativeTarget;
			buildConfigurationList = 9A1024A61C5F806A006E0163 /* Build configuration list for PBXNativeTarget "TRON OSXTests" */;
			buildPhases = (
				9A1024971C5F806A006E0163 /* Sources */,
				9A1024981C5F806A006E0163 /* Frameworks */,
				9A1024991C5F806A006E0163 /* Resources */,
			);
			buildRules = (
			);
			dependencies = (
				9A10249E1C5F806A006E0163 /* PBXTargetDependency */,
			);
			name = "TRON OSXTests";
			productName = "TRON OSXTests";
			productReference = 9A10249B1C5F806A006E0163 /* TRON OSXTests.xctest */;
			productType = "com.apple.product-type.bundle.unit-test";
		};
		9A1024C91C5F8169006E0163 /* TRON tvOS */ = {
			isa = PBXNativeTarget;
			buildConfigurationList = 9A1024DB1C5F8169006E0163 /* Build configuration list for PBXNativeTarget "TRON tvOS" */;
			buildPhases = (
				9A1024C51C5F8169006E0163 /* Sources */,
				9A1024C61C5F8169006E0163 /* Frameworks */,
				9A1024C71C5F8169006E0163 /* Headers */,
				9A1024C81C5F8169006E0163 /* Resources */,
			);
			buildRules = (
			);
			dependencies = (
			);
			name = "TRON tvOS";
			productName = "TRON tvOS";
			productReference = 9A1024CA1C5F8169006E0163 /* TRON.framework */;
			productType = "com.apple.product-type.framework";
		};
		9A1024D21C5F8169006E0163 /* TRON tvOSTests */ = {
			isa = PBXNativeTarget;
			buildConfigurationList = 9A1024DE1C5F8169006E0163 /* Build configuration list for PBXNativeTarget "TRON tvOSTests" */;
			buildPhases = (
				9A1024CF1C5F8169006E0163 /* Sources */,
				9A1024D01C5F8169006E0163 /* Frameworks */,
				9A1024D11C5F8169006E0163 /* Resources */,
			);
			buildRules = (
			);
			dependencies = (
				9A1024D61C5F8169006E0163 /* PBXTargetDependency */,
			);
			name = "TRON tvOSTests";
			productName = "TRON tvOSTests";
			productReference = 9A1024D31C5F8169006E0163 /* TRON tvOSTests.xctest */;
			productType = "com.apple.product-type.bundle.unit-test";
		};
		9A1024FE1C5F8240006E0163 /* TRON watchOS */ = {
			isa = PBXNativeTarget;
			buildConfigurationList = 9A1025041C5F8240006E0163 /* Build configuration list for PBXNativeTarget "TRON watchOS" */;
			buildPhases = (
				9A1024FA1C5F8240006E0163 /* Sources */,
				9A1024FB1C5F8240006E0163 /* Frameworks */,
				9A1024FC1C5F8240006E0163 /* Headers */,
				9A1024FD1C5F8240006E0163 /* Resources */,
			);
			buildRules = (
			);
			dependencies = (
			);
			name = "TRON watchOS";
			productName = "TRON watchOS";
			productReference = 9A1024FF1C5F8240006E0163 /* TRON.framework */;
			productType = "com.apple.product-type.framework";
		};
		9A704E4E1C5D01B300392DE5 /* Example */ = {
			isa = PBXNativeTarget;
			buildConfigurationList = 9A704E741C5D01B300392DE5 /* Build configuration list for PBXNativeTarget "Example" */;
			buildPhases = (
				9A704E4B1C5D01B300392DE5 /* Sources */,
				9A704E4C1C5D01B300392DE5 /* Frameworks */,
				9A704E4D1C5D01B300392DE5 /* Resources */,
				9A704E7B1C5D01DF00392DE5 /* Embed Frameworks */,
			);
			buildRules = (
			);
			dependencies = (
				9A704E7A1C5D01DF00392DE5 /* PBXTargetDependency */,
				9A704E7F1C5D01E500392DE5 /* PBXTargetDependency */,
				9A704E831C5D01EC00392DE5 /* PBXTargetDependency */,
			);
			name = Example;
			productName = Example;
			productReference = 9A704E4F1C5D01B300392DE5 /* Example.app */;
			productType = "com.apple.product-type.application";
		};
		9A722F491C5A49AE0087908D /* TRON iOS */ = {
			isa = PBXNativeTarget;
			buildConfigurationList = 9A722F5E1C5A49AE0087908D /* Build configuration list for PBXNativeTarget "TRON iOS" */;
			buildPhases = (
				9A722F451C5A49AE0087908D /* Sources */,
				9A722F461C5A49AE0087908D /* Frameworks */,
				9A722F471C5A49AE0087908D /* Headers */,
				9A722F481C5A49AE0087908D /* Resources */,
			);
			buildRules = (
			);
			dependencies = (
			);
			name = "TRON iOS";
			productName = TRON;
			productReference = 9A722F4A1C5A49AE0087908D /* TRON.framework */;
			productType = "com.apple.product-type.framework";
		};
		9A722F531C5A49AE0087908D /* TRON iOS Tests */ = {
			isa = PBXNativeTarget;
			buildConfigurationList = 9A722F611C5A49AE0087908D /* Build configuration list for PBXNativeTarget "TRON iOS Tests" */;
			buildPhases = (
				9A722F501C5A49AE0087908D /* Sources */,
				9A722F511C5A49AE0087908D /* Frameworks */,
				9A722F521C5A49AE0087908D /* Resources */,
			);
			buildRules = (
			);
			dependencies = (
				9A722F571C5A49AE0087908D /* PBXTargetDependency */,
			);
			name = "TRON iOS Tests";
			productName = TRONTests;
			productReference = 9A722F541C5A49AE0087908D /* TRON iOS Tests.xctest */;
			productType = "com.apple.product-type.bundle.unit-test";
		};
/* End PBXNativeTarget section */

/* Begin PBXProject section */
		9A722F411C5A49AE0087908D /* Project object */ = {
			isa = PBXProject;
			attributes = {
				LastSwiftUpdateCheck = 0720;
				LastUpgradeCheck = 0720;
				ORGANIZATIONNAME = "Denys Telezhkin";
				TargetAttributes = {
					9A1024911C5F806A006E0163 = {
						CreatedOnToolsVersion = 7.2;
					};
					9A10249A1C5F806A006E0163 = {
						CreatedOnToolsVersion = 7.2;
					};
					9A1024C91C5F8169006E0163 = {
						CreatedOnToolsVersion = 7.2;
					};
					9A1024D21C5F8169006E0163 = {
						CreatedOnToolsVersion = 7.2;
					};
					9A1024FE1C5F8240006E0163 = {
						CreatedOnToolsVersion = 7.2;
					};
					9A704E4E1C5D01B300392DE5 = {
						CreatedOnToolsVersion = 7.2;
					};
					9A722F491C5A49AE0087908D = {
						CreatedOnToolsVersion = 7.2;
					};
					9A722F531C5A49AE0087908D = {
						CreatedOnToolsVersion = 7.2;
					};
				};
			};
			buildConfigurationList = 9A722F441C5A49AE0087908D /* Build configuration list for PBXProject "TRON" */;
			compatibilityVersion = "Xcode 3.2";
			developmentRegion = English;
			hasScannedForEncodings = 0;
			knownRegions = (
				en,
				Base,
			);
			mainGroup = 9A722F401C5A49AE0087908D;
			productRefGroup = 9A722F4B1C5A49AE0087908D /* Products */;
			projectDirPath = "";
			projectReferences = (
				{
					ProductGroup = 9AEE0B961C5A4E09003222A8 /* Products */;
					ProjectRef = 9AEE0B951C5A4E09003222A8 /* Alamofire.xcodeproj */;
				},
				{
					ProductGroup = 9AEE0BC81C5A4FB5003222A8 /* Products */;
					ProjectRef = 9AEE0BC71C5A4FB5003222A8 /* Nimble.xcodeproj */;
				},
				{
					ProductGroup = 9AEE0BAF1C5A4E2D003222A8 /* Products */;
					ProjectRef = 9AEE0BAE1C5A4E2D003222A8 /* SwiftyJSON.xcodeproj */;
				},
			);
			projectRoot = "";
			targets = (
				9A722F491C5A49AE0087908D /* TRON iOS */,
				9A722F531C5A49AE0087908D /* TRON iOS Tests */,
				9A704E4E1C5D01B300392DE5 /* Example */,
				9A1024911C5F806A006E0163 /* TRON OSX */,
				9A10249A1C5F806A006E0163 /* TRON OSXTests */,
				9A1024C91C5F8169006E0163 /* TRON tvOS */,
				9A1024D21C5F8169006E0163 /* TRON tvOSTests */,
				9A1024FE1C5F8240006E0163 /* TRON watchOS */,
			);
		};
/* End PBXProject section */

/* Begin PBXReferenceProxy section */
		9AEE0BA01C5A4E0A003222A8 /* Alamofire.framework */ = {
			isa = PBXReferenceProxy;
			fileType = wrapper.framework;
			path = Alamofire.framework;
			remoteRef = 9AEE0B9F1C5A4E0A003222A8 /* PBXContainerItemProxy */;
			sourceTree = BUILT_PRODUCTS_DIR;
		};
		9AEE0BA21C5A4E0A003222A8 /* Alamofire iOS Tests.xctest */ = {
			isa = PBXReferenceProxy;
			fileType = wrapper.cfbundle;
			path = "Alamofire iOS Tests.xctest";
			remoteRef = 9AEE0BA11C5A4E0A003222A8 /* PBXContainerItemProxy */;
			sourceTree = BUILT_PRODUCTS_DIR;
		};
		9AEE0BA41C5A4E0A003222A8 /* Alamofire.framework */ = {
			isa = PBXReferenceProxy;
			fileType = wrapper.framework;
			path = Alamofire.framework;
			remoteRef = 9AEE0BA31C5A4E0A003222A8 /* PBXContainerItemProxy */;
			sourceTree = BUILT_PRODUCTS_DIR;
		};
		9AEE0BA61C5A4E0A003222A8 /* Alamofire OSX Tests.xctest */ = {
			isa = PBXReferenceProxy;
			fileType = wrapper.cfbundle;
			path = "Alamofire OSX Tests.xctest";
			remoteRef = 9AEE0BA51C5A4E0A003222A8 /* PBXContainerItemProxy */;
			sourceTree = BUILT_PRODUCTS_DIR;
		};
		9AEE0BA81C5A4E0A003222A8 /* Alamofire.framework */ = {
			isa = PBXReferenceProxy;
			fileType = wrapper.framework;
			path = Alamofire.framework;
			remoteRef = 9AEE0BA71C5A4E0A003222A8 /* PBXContainerItemProxy */;
			sourceTree = BUILT_PRODUCTS_DIR;
		};
		9AEE0BAA1C5A4E0A003222A8 /* Alamofire tvOS Tests.xctest */ = {
			isa = PBXReferenceProxy;
			fileType = wrapper.cfbundle;
			path = "Alamofire tvOS Tests.xctest";
			remoteRef = 9AEE0BA91C5A4E0A003222A8 /* PBXContainerItemProxy */;
			sourceTree = BUILT_PRODUCTS_DIR;
		};
		9AEE0BAC1C5A4E0A003222A8 /* Alamofire.framework */ = {
			isa = PBXReferenceProxy;
			fileType = wrapper.framework;
			path = Alamofire.framework;
			remoteRef = 9AEE0BAB1C5A4E0A003222A8 /* PBXContainerItemProxy */;
			sourceTree = BUILT_PRODUCTS_DIR;
		};
		9AEE0BB91C5A4E2D003222A8 /* SwiftyJSON.framework */ = {
			isa = PBXReferenceProxy;
			fileType = wrapper.framework;
			path = SwiftyJSON.framework;
			remoteRef = 9AEE0BB81C5A4E2D003222A8 /* PBXContainerItemProxy */;
			sourceTree = BUILT_PRODUCTS_DIR;
		};
		9AEE0BBB1C5A4E2D003222A8 /* SwiftyJSON iOS Tests.xctest */ = {
			isa = PBXReferenceProxy;
			fileType = wrapper.cfbundle;
			path = "SwiftyJSON iOS Tests.xctest";
			remoteRef = 9AEE0BBA1C5A4E2D003222A8 /* PBXContainerItemProxy */;
			sourceTree = BUILT_PRODUCTS_DIR;
		};
		9AEE0BBD1C5A4E2D003222A8 /* SwiftyJSON.framework */ = {
			isa = PBXReferenceProxy;
			fileType = wrapper.framework;
			path = SwiftyJSON.framework;
			remoteRef = 9AEE0BBC1C5A4E2D003222A8 /* PBXContainerItemProxy */;
			sourceTree = BUILT_PRODUCTS_DIR;
		};
		9AEE0BBF1C5A4E2D003222A8 /* SwiftyJSON OSX Tests.xctest */ = {
			isa = PBXReferenceProxy;
			fileType = wrapper.cfbundle;
			path = "SwiftyJSON OSX Tests.xctest";
			remoteRef = 9AEE0BBE1C5A4E2D003222A8 /* PBXContainerItemProxy */;
			sourceTree = BUILT_PRODUCTS_DIR;
		};
		9AEE0BC11C5A4E2D003222A8 /* SwiftyJSON.framework */ = {
			isa = PBXReferenceProxy;
			fileType = wrapper.framework;
			path = SwiftyJSON.framework;
			remoteRef = 9AEE0BC01C5A4E2D003222A8 /* PBXContainerItemProxy */;
			sourceTree = BUILT_PRODUCTS_DIR;
		};
		9AEE0BC31C5A4E2D003222A8 /* SwiftyJSON.framework */ = {
			isa = PBXReferenceProxy;
			fileType = wrapper.framework;
			path = SwiftyJSON.framework;
			remoteRef = 9AEE0BC21C5A4E2D003222A8 /* PBXContainerItemProxy */;
			sourceTree = BUILT_PRODUCTS_DIR;
		};
		9AEE0BC51C5A4E2D003222A8 /* SwiftyJSON tvOS Tests.xctest */ = {
			isa = PBXReferenceProxy;
			fileType = wrapper.cfbundle;
			path = "SwiftyJSON tvOS Tests.xctest";
			remoteRef = 9AEE0BC41C5A4E2D003222A8 /* PBXContainerItemProxy */;
			sourceTree = BUILT_PRODUCTS_DIR;
		};
		9AEE0BD11C5A4FB5003222A8 /* Nimble.framework */ = {
			isa = PBXReferenceProxy;
			fileType = wrapper.framework;
			path = Nimble.framework;
			remoteRef = 9AEE0BD01C5A4FB5003222A8 /* PBXContainerItemProxy */;
			sourceTree = BUILT_PRODUCTS_DIR;
		};
		9AEE0BD31C5A4FB5003222A8 /* NimbleTests.xctest */ = {
			isa = PBXReferenceProxy;
			fileType = wrapper.cfbundle;
			path = NimbleTests.xctest;
			remoteRef = 9AEE0BD21C5A4FB5003222A8 /* PBXContainerItemProxy */;
			sourceTree = BUILT_PRODUCTS_DIR;
		};
		9AEE0BD51C5A4FB5003222A8 /* Nimble.framework */ = {
			isa = PBXReferenceProxy;
			fileType = wrapper.framework;
			path = Nimble.framework;
			remoteRef = 9AEE0BD41C5A4FB5003222A8 /* PBXContainerItemProxy */;
			sourceTree = BUILT_PRODUCTS_DIR;
		};
		9AEE0BD71C5A4FB5003222A8 /* NimbleTests.xctest */ = {
			isa = PBXReferenceProxy;
			fileType = wrapper.cfbundle;
			path = NimbleTests.xctest;
			remoteRef = 9AEE0BD61C5A4FB5003222A8 /* PBXContainerItemProxy */;
			sourceTree = BUILT_PRODUCTS_DIR;
		};
		9AEE0BD91C5A4FB5003222A8 /* Nimble.framework */ = {
			isa = PBXReferenceProxy;
			fileType = wrapper.framework;
			path = Nimble.framework;
			remoteRef = 9AEE0BD81C5A4FB5003222A8 /* PBXContainerItemProxy */;
			sourceTree = BUILT_PRODUCTS_DIR;
		};
		9AEE0BDB1C5A4FB5003222A8 /* NimbleTests.xctest */ = {
			isa = PBXReferenceProxy;
			fileType = wrapper.cfbundle;
			path = NimbleTests.xctest;
			remoteRef = 9AEE0BDA1C5A4FB5003222A8 /* PBXContainerItemProxy */;
			sourceTree = BUILT_PRODUCTS_DIR;
		};
/* End PBXReferenceProxy section */

/* Begin PBXResourcesBuildPhase section */
		9A1024901C5F806A006E0163 /* Resources */ = {
			isa = PBXResourcesBuildPhase;
			buildActionMask = 2147483647;
			files = (
			);
			runOnlyForDeploymentPostprocessing = 0;
		};
		9A1024991C5F806A006E0163 /* Resources */ = {
			isa = PBXResourcesBuildPhase;
			buildActionMask = 2147483647;
			files = (
				9A90CC911C5FABBD00472DB8 /* user.json in Resources */,
				9A90CC8E1C5FABBD00472DB8 /* invalid.json in Resources */,
			);
			runOnlyForDeploymentPostprocessing = 0;
		};
		9A1024C81C5F8169006E0163 /* Resources */ = {
			isa = PBXResourcesBuildPhase;
			buildActionMask = 2147483647;
			files = (
			);
			runOnlyForDeploymentPostprocessing = 0;
		};
		9A1024D11C5F8169006E0163 /* Resources */ = {
			isa = PBXResourcesBuildPhase;
			buildActionMask = 2147483647;
			files = (
				9A90CC921C5FABBD00472DB8 /* user.json in Resources */,
				9A90CC8F1C5FABBD00472DB8 /* invalid.json in Resources */,
			);
			runOnlyForDeploymentPostprocessing = 0;
		};
		9A1024FD1C5F8240006E0163 /* Resources */ = {
			isa = PBXResourcesBuildPhase;
			buildActionMask = 2147483647;
			files = (
			);
			runOnlyForDeploymentPostprocessing = 0;
		};
		9A704E4D1C5D01B300392DE5 /* Resources */ = {
			isa = PBXResourcesBuildPhase;
			buildActionMask = 2147483647;
			files = (
				9A704E5C1C5D01B300392DE5 /* LaunchScreen.storyboard in Resources */,
				9A704E591C5D01B300392DE5 /* Assets.xcassets in Resources */,
				9A704E571C5D01B300392DE5 /* Main.storyboard in Resources */,
			);
			runOnlyForDeploymentPostprocessing = 0;
		};
		9A722F481C5A49AE0087908D /* Resources */ = {
			isa = PBXResourcesBuildPhase;
			buildActionMask = 2147483647;
			files = (
			);
			runOnlyForDeploymentPostprocessing = 0;
		};
		9A722F521C5A49AE0087908D /* Resources */ = {
			isa = PBXResourcesBuildPhase;
			buildActionMask = 2147483647;
			files = (
				9A90CC901C5FABBD00472DB8 /* user.json in Resources */,
				9A90CC8D1C5FABBD00472DB8 /* invalid.json in Resources */,
			);
			runOnlyForDeploymentPostprocessing = 0;
		};
/* End PBXResourcesBuildPhase section */

/* Begin PBXSourcesBuildPhase section */
		9A10248D1C5F806A006E0163 /* Sources */ = {
			isa = PBXSourcesBuildPhase;
			buildActionMask = 2147483647;
			files = (
				9A90CC571C5FAB8800472DB8 /* JSONDecodable.swift in Sources */,
				9A90CC411C5FAB6F00472DB8 /* Plugin.swift in Sources */,
				9A90CC301C5FAB5600472DB8 /* TRON.swift in Sources */,
				9A90CC5F1C5FAB8800472DB8 /* ResponseBuilder.swift in Sources */,
				9A90CC4F1C5FAB8800472DB8 /* ErrorBuilder.swift in Sources */,
				9A90CC3D1C5FAB6F00472DB8 /* NetworkLoggerPlugin.swift in Sources */,
				9A90CC5B1C5FAB8800472DB8 /* RequestBuilder.swift in Sources */,
				9A90CC461C5FAB7F00472DB8 /* MultipartAPIRequest.swift in Sources */,
				9A90CC2C1C5FAB5600472DB8 /* APIStub.swift in Sources */,
				9A90CC531C5FAB8800472DB8 /* HeaderBuilder.swift in Sources */,
				9A90CC281C5FAB5600472DB8 /* APIRequest.swift in Sources */,
			);
			runOnlyForDeploymentPostprocessing = 0;
		};
		9A1024971C5F806A006E0163 /* Sources */ = {
			isa = PBXSourcesBuildPhase;
			buildActionMask = 2147483647;
			files = (
				9A90CC751C5FABA100472DB8 /* HeaderBuilderTestCase.swift in Sources */,
				9A90CC841C5FABA100472DB8 /* URLBuilderTestCase.swift in Sources */,
				9A90CC6F1C5FABA100472DB8 /* ApiStubbingTestCase.swift in Sources */,
				9A90CC6C1C5FABA100472DB8 /* APIRequestTestCase.swift in Sources */,
				9A90CC881C5FABA800472DB8 /* TronError.swift in Sources */,
				9A90CC7E1C5FABA100472DB8 /* PluginTester.swift in Sources */,
				9A90CC781C5FABA100472DB8 /* JSONDecodableTestCase.swift in Sources */,
				9A90CC811C5FABA100472DB8 /* TronTestCase.swift in Sources */,
				9A90CC7B1C5FABA100472DB8 /* PluginTestCase.swift in Sources */,
			);
			runOnlyForDeploymentPostprocessing = 0;
		};
		9A1024C51C5F8169006E0163 /* Sources */ = {
			isa = PBXSourcesBuildPhase;
			buildActionMask = 2147483647;
			files = (
				9A90CC581C5FAB8800472DB8 /* JSONDecodable.swift in Sources */,
				9A90CC421C5FAB6F00472DB8 /* Plugin.swift in Sources */,
				9A90CC311C5FAB5600472DB8 /* TRON.swift in Sources */,
				9A90CC601C5FAB8800472DB8 /* ResponseBuilder.swift in Sources */,
				9A90CC501C5FAB8800472DB8 /* ErrorBuilder.swift in Sources */,
				9A90CC3E1C5FAB6F00472DB8 /* NetworkLoggerPlugin.swift in Sources */,
				9A90CC5C1C5FAB8800472DB8 /* RequestBuilder.swift in Sources */,
				9A90CC471C5FAB7F00472DB8 /* MultipartAPIRequest.swift in Sources */,
				9A90CC2D1C5FAB5600472DB8 /* APIStub.swift in Sources */,
				9A90CC541C5FAB8800472DB8 /* HeaderBuilder.swift in Sources */,
				9A90CC291C5FAB5600472DB8 /* APIRequest.swift in Sources */,
			);
			runOnlyForDeploymentPostprocessing = 0;
		};
		9A1024CF1C5F8169006E0163 /* Sources */ = {
			isa = PBXSourcesBuildPhase;
			buildActionMask = 2147483647;
			files = (
				9A90CC761C5FABA100472DB8 /* HeaderBuilderTestCase.swift in Sources */,
				9A90CC851C5FABA100472DB8 /* URLBuilderTestCase.swift in Sources */,
				9A90CC701C5FABA100472DB8 /* ApiStubbingTestCase.swift in Sources */,
				9A90CC6D1C5FABA100472DB8 /* APIRequestTestCase.swift in Sources */,
				9A90CC891C5FABA800472DB8 /* TronError.swift in Sources */,
				9A90CC7F1C5FABA100472DB8 /* PluginTester.swift in Sources */,
				9A90CC791C5FABA100472DB8 /* JSONDecodableTestCase.swift in Sources */,
				9A90CC821C5FABA100472DB8 /* TronTestCase.swift in Sources */,
				9A90CC7C1C5FABA100472DB8 /* PluginTestCase.swift in Sources */,
			);
			runOnlyForDeploymentPostprocessing = 0;
		};
		9A1024FA1C5F8240006E0163 /* Sources */ = {
			isa = PBXSourcesBuildPhase;
			buildActionMask = 2147483647;
			files = (
				9A90CC591C5FAB8800472DB8 /* JSONDecodable.swift in Sources */,
				9A90CC431C5FAB6F00472DB8 /* Plugin.swift in Sources */,
				9A90CC321C5FAB5600472DB8 /* TRON.swift in Sources */,
				9A90CC611C5FAB8800472DB8 /* ResponseBuilder.swift in Sources */,
				9A90CC511C5FAB8800472DB8 /* ErrorBuilder.swift in Sources */,
				9A90CC3F1C5FAB6F00472DB8 /* NetworkLoggerPlugin.swift in Sources */,
				9A90CC5D1C5FAB8800472DB8 /* RequestBuilder.swift in Sources */,
				9A90CC481C5FAB7F00472DB8 /* MultipartAPIRequest.swift in Sources */,
				9A90CC2E1C5FAB5600472DB8 /* APIStub.swift in Sources */,
				9A90CC551C5FAB8800472DB8 /* HeaderBuilder.swift in Sources */,
				9A90CC2A1C5FAB5600472DB8 /* APIRequest.swift in Sources */,
			);
			runOnlyForDeploymentPostprocessing = 0;
		};
		9A704E4B1C5D01B300392DE5 /* Sources */ = {
			isa = PBXSourcesBuildPhase;
			buildActionMask = 2147483647;
			files = (
				9A704E541C5D01B300392DE5 /* ViewController.swift in Sources */,
				9A704E521C5D01B300392DE5 /* AppDelegate.swift in Sources */,
				9A704E761C5D01D300392DE5 /* CRUD.swift in Sources */,
			);
			runOnlyForDeploymentPostprocessing = 0;
		};
		9A722F451C5A49AE0087908D /* Sources */ = {
			isa = PBXSourcesBuildPhase;
			buildActionMask = 2147483647;
			files = (
				9A90CC401C5FAB6F00472DB8 /* Plugin.swift in Sources */,
				9A90CC561C5FAB8800472DB8 /* JSONDecodable.swift in Sources */,
				9A90CC381C5FAB6F00472DB8 /* NetworkActivityPlugin.swift in Sources */,
				9A90CC2F1C5FAB5600472DB8 /* TRON.swift in Sources */,
				9A90CC3C1C5FAB6F00472DB8 /* NetworkLoggerPlugin.swift in Sources */,
				9A90CC521C5FAB8800472DB8 /* HeaderBuilder.swift in Sources */,
				9A90CC2B1C5FAB5600472DB8 /* APIStub.swift in Sources */,
				9A90CC5A1C5FAB8800472DB8 /* RequestBuilder.swift in Sources */,
				9A90CC451C5FAB7F00472DB8 /* MultipartAPIRequest.swift in Sources */,
				9A90CC4E1C5FAB8800472DB8 /* ErrorBuilder.swift in Sources */,
				9A90CC5E1C5FAB8800472DB8 /* ResponseBuilder.swift in Sources */,
				9A90CC271C5FAB5600472DB8 /* APIRequest.swift in Sources */,
			);
			runOnlyForDeploymentPostprocessing = 0;
		};
		9A722F501C5A49AE0087908D /* Sources */ = {
			isa = PBXSourcesBuildPhase;
			buildActionMask = 2147483647;
			files = (
				9A90CC741C5FABA100472DB8 /* HeaderBuilderTestCase.swift in Sources */,
				9A90CC831C5FABA100472DB8 /* URLBuilderTestCase.swift in Sources */,
				9A90CC6E1C5FABA100472DB8 /* ApiStubbingTestCase.swift in Sources */,
				9A90CC6B1C5FABA100472DB8 /* APIRequestTestCase.swift in Sources */,
				9A90CC871C5FABA800472DB8 /* TronError.swift in Sources */,
				9A90CC7D1C5FABA100472DB8 /* PluginTester.swift in Sources */,
				9A90CC771C5FABA100472DB8 /* JSONDecodableTestCase.swift in Sources */,
				9A90CC801C5FABA100472DB8 /* TronTestCase.swift in Sources */,
				9A90CC7A1C5FABA100472DB8 /* PluginTestCase.swift in Sources */,
			);
			runOnlyForDeploymentPostprocessing = 0;
		};
/* End PBXSourcesBuildPhase section */

/* Begin PBXTargetDependency section */
		9A10249E1C5F806A006E0163 /* PBXTargetDependency */ = {
			isa = PBXTargetDependency;
			target = 9A1024911C5F806A006E0163 /* TRON OSX */;
			targetProxy = 9A10249D1C5F806A006E0163 /* PBXContainerItemProxy */;
		};
		9A1024D61C5F8169006E0163 /* PBXTargetDependency */ = {
			isa = PBXTargetDependency;
			target = 9A1024C91C5F8169006E0163 /* TRON tvOS */;
			targetProxy = 9A1024D51C5F8169006E0163 /* PBXContainerItemProxy */;
		};
		9A704E7A1C5D01DF00392DE5 /* PBXTargetDependency */ = {
			isa = PBXTargetDependency;
			name = "SwiftyJSON iOS";
			targetProxy = 9A704E791C5D01DF00392DE5 /* PBXContainerItemProxy */;
		};
		9A704E7F1C5D01E500392DE5 /* PBXTargetDependency */ = {
			isa = PBXTargetDependency;
			name = "Alamofire iOS";
			targetProxy = 9A704E7E1C5D01E500392DE5 /* PBXContainerItemProxy */;
		};
		9A704E831C5D01EC00392DE5 /* PBXTargetDependency */ = {
			isa = PBXTargetDependency;
			target = 9A722F491C5A49AE0087908D /* TRON iOS */;
			targetProxy = 9A704E821C5D01EC00392DE5 /* PBXContainerItemProxy */;
		};
		9A722F571C5A49AE0087908D /* PBXTargetDependency */ = {
			isa = PBXTargetDependency;
			target = 9A722F491C5A49AE0087908D /* TRON iOS */;
			targetProxy = 9A722F561C5A49AE0087908D /* PBXContainerItemProxy */;
		};
/* End PBXTargetDependency section */

/* Begin PBXVariantGroup section */
		9A704E551C5D01B300392DE5 /* Main.storyboard */ = {
			isa = PBXVariantGroup;
			children = (
				9A704E561C5D01B300392DE5 /* Base */,
			);
			name = Main.storyboard;
			sourceTree = "<group>";
		};
		9A704E5A1C5D01B300392DE5 /* LaunchScreen.storyboard */ = {
			isa = PBXVariantGroup;
			children = (
				9A704E5B1C5D01B300392DE5 /* Base */,
			);
			name = LaunchScreen.storyboard;
			sourceTree = "<group>";
		};
/* End PBXVariantGroup section */

/* Begin XCBuildConfiguration section */
		9A1024A41C5F806A006E0163 /* Debug */ = {
			isa = XCBuildConfiguration;
			buildSettings = {
				CLANG_ENABLE_MODULES = YES;
				"CODE_SIGN_IDENTITY[sdk=iphoneos*]" = "";
				COMBINE_HIDPI_IMAGES = YES;
				DEFINES_MODULE = YES;
				DYLIB_COMPATIBILITY_VERSION = 1;
				DYLIB_CURRENT_VERSION = 1;
				DYLIB_INSTALL_NAME_BASE = "@rpath";
				FRAMEWORK_VERSION = A;
				INFOPLIST_FILE = "$(SRCROOT)/Supporting files/Framework.plist";
				INSTALL_PATH = "$(LOCAL_LIBRARY_DIR)/Frameworks";
				LD_RUNPATH_SEARCH_PATHS = "$(inherited) @executable_path/../Frameworks @loader_path/Frameworks";
				MACOSX_DEPLOYMENT_TARGET = 10.10;
				PRODUCT_BUNDLE_IDENTIFIER = "com.mlsdev.TRON-OSX";
				PRODUCT_NAME = TRON;
				SDKROOT = macosx;
				SKIP_INSTALL = YES;
				SWIFT_OPTIMIZATION_LEVEL = "-Onone";
			};
			name = Debug;
		};
		9A1024A51C5F806A006E0163 /* Release */ = {
			isa = XCBuildConfiguration;
			buildSettings = {
				CLANG_ENABLE_MODULES = YES;
				"CODE_SIGN_IDENTITY[sdk=iphoneos*]" = "";
				COMBINE_HIDPI_IMAGES = YES;
				DEFINES_MODULE = YES;
				DYLIB_COMPATIBILITY_VERSION = 1;
				DYLIB_CURRENT_VERSION = 1;
				DYLIB_INSTALL_NAME_BASE = "@rpath";
				FRAMEWORK_VERSION = A;
				INFOPLIST_FILE = "$(SRCROOT)/Supporting files/Framework.plist";
				INSTALL_PATH = "$(LOCAL_LIBRARY_DIR)/Frameworks";
				LD_RUNPATH_SEARCH_PATHS = "$(inherited) @executable_path/../Frameworks @loader_path/Frameworks";
				MACOSX_DEPLOYMENT_TARGET = 10.10;
				PRODUCT_BUNDLE_IDENTIFIER = "com.mlsdev.TRON-OSX";
				PRODUCT_NAME = TRON;
				SDKROOT = macosx;
				SKIP_INSTALL = YES;
			};
			name = Release;
		};
		9A1024A71C5F806A006E0163 /* Debug */ = {
			isa = XCBuildConfiguration;
			buildSettings = {
				CLANG_ENABLE_MODULES = YES;
				CODE_SIGN_IDENTITY = "";
				COMBINE_HIDPI_IMAGES = YES;
				INFOPLIST_FILE = "$(SRCROOT)/Supporting files/Tests.plist";
				LD_RUNPATH_SEARCH_PATHS = "$(inherited) @executable_path/../Frameworks @loader_path/../Frameworks";
				PRODUCT_BUNDLE_IDENTIFIER = "com.mlsdev.TRON-OSXTests";
				PRODUCT_NAME = "$(TARGET_NAME)";
				SDKROOT = macosx;
				SWIFT_OPTIMIZATION_LEVEL = "-Onone";
			};
			name = Debug;
		};
		9A1024A81C5F806A006E0163 /* Release */ = {
			isa = XCBuildConfiguration;
			buildSettings = {
				CLANG_ENABLE_MODULES = YES;
				CODE_SIGN_IDENTITY = "";
				COMBINE_HIDPI_IMAGES = YES;
				INFOPLIST_FILE = "$(SRCROOT)/Supporting files/Tests.plist";
				LD_RUNPATH_SEARCH_PATHS = "$(inherited) @executable_path/../Frameworks @loader_path/../Frameworks";
				PRODUCT_BUNDLE_IDENTIFIER = "com.mlsdev.TRON-OSXTests";
				PRODUCT_NAME = "$(TARGET_NAME)";
				SDKROOT = macosx;
			};
			name = Release;
		};
		9A1024DC1C5F8169006E0163 /* Debug */ = {
			isa = XCBuildConfiguration;
			buildSettings = {
				CLANG_ENABLE_MODULES = YES;
				DEFINES_MODULE = YES;
				DYLIB_COMPATIBILITY_VERSION = 1;
				DYLIB_CURRENT_VERSION = 1;
				DYLIB_INSTALL_NAME_BASE = "@rpath";
				INFOPLIST_FILE = "$(SRCROOT)/Supporting files/Framework.plist";
				INSTALL_PATH = "$(LOCAL_LIBRARY_DIR)/Frameworks";
				LD_RUNPATH_SEARCH_PATHS = "$(inherited) @executable_path/Frameworks @loader_path/Frameworks";
				PRODUCT_BUNDLE_IDENTIFIER = "com.mlsdev.TRON-tvOS";
				PRODUCT_NAME = TRON;
				SDKROOT = appletvos;
				SKIP_INSTALL = YES;
				SWIFT_OPTIMIZATION_LEVEL = "-Onone";
				TARGETED_DEVICE_FAMILY = 3;
				TVOS_DEPLOYMENT_TARGET = 9.1;
			};
			name = Debug;
		};
		9A1024DD1C5F8169006E0163 /* Release */ = {
			isa = XCBuildConfiguration;
			buildSettings = {
				CLANG_ENABLE_MODULES = YES;
				DEFINES_MODULE = YES;
				DYLIB_COMPATIBILITY_VERSION = 1;
				DYLIB_CURRENT_VERSION = 1;
				DYLIB_INSTALL_NAME_BASE = "@rpath";
				INFOPLIST_FILE = "$(SRCROOT)/Supporting files/Framework.plist";
				INSTALL_PATH = "$(LOCAL_LIBRARY_DIR)/Frameworks";
				LD_RUNPATH_SEARCH_PATHS = "$(inherited) @executable_path/Frameworks @loader_path/Frameworks";
				PRODUCT_BUNDLE_IDENTIFIER = "com.mlsdev.TRON-tvOS";
				PRODUCT_NAME = TRON;
				SDKROOT = appletvos;
				SKIP_INSTALL = YES;
				TARGETED_DEVICE_FAMILY = 3;
				TVOS_DEPLOYMENT_TARGET = 9.1;
			};
			name = Release;
		};
		9A1024DF1C5F8169006E0163 /* Debug */ = {
			isa = XCBuildConfiguration;
			buildSettings = {
				CLANG_ENABLE_MODULES = YES;
				INFOPLIST_FILE = "$(SRCROOT)/Supporting files/Tests.plist";
				LD_RUNPATH_SEARCH_PATHS = "$(inherited) @executable_path/Frameworks @loader_path/Frameworks";
				PRODUCT_BUNDLE_IDENTIFIER = "com.mlsdev.TRON-tvOSTests";
				PRODUCT_NAME = "$(TARGET_NAME)";
				SDKROOT = appletvos;
				SWIFT_OPTIMIZATION_LEVEL = "-Onone";
				TVOS_DEPLOYMENT_TARGET = 9.1;
			};
			name = Debug;
		};
		9A1024E01C5F8169006E0163 /* Release */ = {
			isa = XCBuildConfiguration;
			buildSettings = {
				CLANG_ENABLE_MODULES = YES;
				INFOPLIST_FILE = "$(SRCROOT)/Supporting files/Tests.plist";
				LD_RUNPATH_SEARCH_PATHS = "$(inherited) @executable_path/Frameworks @loader_path/Frameworks";
				PRODUCT_BUNDLE_IDENTIFIER = "com.mlsdev.TRON-tvOSTests";
				PRODUCT_NAME = "$(TARGET_NAME)";
				SDKROOT = appletvos;
				TVOS_DEPLOYMENT_TARGET = 9.1;
			};
			name = Release;
		};
		9A1025051C5F8240006E0163 /* Debug */ = {
			isa = XCBuildConfiguration;
			buildSettings = {
				APPLICATION_EXTENSION_API_ONLY = YES;
				CLANG_ENABLE_MODULES = YES;
				DEFINES_MODULE = YES;
				DYLIB_COMPATIBILITY_VERSION = 1;
				DYLIB_CURRENT_VERSION = 1;
				DYLIB_INSTALL_NAME_BASE = "@rpath";
				INFOPLIST_FILE = "$(SRCROOT)/Supporting files/Framework.plist";
				INSTALL_PATH = "$(LOCAL_LIBRARY_DIR)/Frameworks";
				LD_RUNPATH_SEARCH_PATHS = "$(inherited) @executable_path/Frameworks @loader_path/Frameworks";
				PRODUCT_BUNDLE_IDENTIFIER = "com.mlsdev.TRON-watchOS";
				PRODUCT_NAME = TRON;
				SDKROOT = watchos;
				SKIP_INSTALL = YES;
				SWIFT_OPTIMIZATION_LEVEL = "-Onone";
				TARGETED_DEVICE_FAMILY = 4;
				WATCHOS_DEPLOYMENT_TARGET = 2.1;
			};
			name = Debug;
		};
		9A1025061C5F8240006E0163 /* Release */ = {
			isa = XCBuildConfiguration;
			buildSettings = {
				APPLICATION_EXTENSION_API_ONLY = YES;
				CLANG_ENABLE_MODULES = YES;
				DEFINES_MODULE = YES;
				DYLIB_COMPATIBILITY_VERSION = 1;
				DYLIB_CURRENT_VERSION = 1;
				DYLIB_INSTALL_NAME_BASE = "@rpath";
				INFOPLIST_FILE = "$(SRCROOT)/Supporting files/Framework.plist";
				INSTALL_PATH = "$(LOCAL_LIBRARY_DIR)/Frameworks";
				LD_RUNPATH_SEARCH_PATHS = "$(inherited) @executable_path/Frameworks @loader_path/Frameworks";
				PRODUCT_BUNDLE_IDENTIFIER = "com.mlsdev.TRON-watchOS";
				PRODUCT_NAME = TRON;
				SDKROOT = watchos;
				SKIP_INSTALL = YES;
				TARGETED_DEVICE_FAMILY = 4;
				WATCHOS_DEPLOYMENT_TARGET = 2.1;
			};
			name = Release;
		};
		9A704E5E1C5D01B300392DE5 /* Debug */ = {
			isa = XCBuildConfiguration;
			buildSettings = {
				ASSETCATALOG_COMPILER_APPICON_NAME = AppIcon;
				EMBEDDED_CONTENT_CONTAINS_SWIFT = YES;
				INFOPLIST_FILE = Example/Info.plist;
				LD_RUNPATH_SEARCH_PATHS = "$(inherited) @executable_path/Frameworks";
				PRODUCT_BUNDLE_IDENTIFIER = MLSDev.Example;
				PRODUCT_NAME = "$(TARGET_NAME)";
			};
			name = Debug;
		};
		9A704E5F1C5D01B300392DE5 /* Release */ = {
			isa = XCBuildConfiguration;
			buildSettings = {
				ASSETCATALOG_COMPILER_APPICON_NAME = AppIcon;
				EMBEDDED_CONTENT_CONTAINS_SWIFT = YES;
				INFOPLIST_FILE = Example/Info.plist;
				LD_RUNPATH_SEARCH_PATHS = "$(inherited) @executable_path/Frameworks";
				PRODUCT_BUNDLE_IDENTIFIER = MLSDev.Example;
				PRODUCT_NAME = "$(TARGET_NAME)";
			};
			name = Release;
		};
		9A722F5C1C5A49AE0087908D /* Debug */ = {
			isa = XCBuildConfiguration;
			buildSettings = {
				ALWAYS_SEARCH_USER_PATHS = NO;
				CLANG_ENABLE_MODULES = YES;
				CLANG_ENABLE_OBJC_ARC = YES;
				CLANG_WARN_BOOL_CONVERSION = YES;
				CLANG_WARN_CONSTANT_CONVERSION = YES;
				CLANG_WARN_DIRECT_OBJC_ISA_USAGE = YES_ERROR;
				CLANG_WARN_EMPTY_BODY = YES;
				CLANG_WARN_ENUM_CONVERSION = YES;
				CLANG_WARN_INT_CONVERSION = YES;
				CLANG_WARN_OBJC_ROOT_CLASS = YES_ERROR;
				CLANG_WARN_UNREACHABLE_CODE = YES;
				CLANG_WARN__DUPLICATE_METHOD_MATCH = YES;
				"CODE_SIGN_IDENTITY[sdk=iphoneos*]" = "iPhone Developer";
				COPY_PHASE_STRIP = NO;
				CURRENT_PROJECT_VERSION = 1;
				DEBUG_INFORMATION_FORMAT = dwarf;
				ENABLE_STRICT_OBJC_MSGSEND = YES;
				ENABLE_TESTABILITY = YES;
				GCC_DYNAMIC_NO_PIC = NO;
				GCC_NO_COMMON_BLOCKS = YES;
				GCC_OPTIMIZATION_LEVEL = 0;
				GCC_PREPROCESSOR_DEFINITIONS = (
					"DEBUG=1",
					"$(inherited)",
				);
				GCC_WARN_64_TO_32_BIT_CONVERSION = YES;
				GCC_WARN_ABOUT_RETURN_TYPE = YES_ERROR;
				GCC_WARN_UNDECLARED_SELECTOR = YES;
				GCC_WARN_UNINITIALIZED_AUTOS = YES_AGGRESSIVE;
				GCC_WARN_UNUSED_FUNCTION = YES;
				GCC_WARN_UNUSED_VARIABLE = YES;
				IPHONEOS_DEPLOYMENT_TARGET = 8.0;
				MACOSX_DEPLOYMENT_TARGET = 10.10;
				MTL_ENABLE_DEBUG_INFO = YES;
				ONLY_ACTIVE_ARCH = YES;
				SDKROOT = iphoneos;
				SWIFT_OPTIMIZATION_LEVEL = "-Onone";
				TARGETED_DEVICE_FAMILY = "1,2";
				TVOS_DEPLOYMENT_TARGET = 9.0;
				VERSIONING_SYSTEM = "apple-generic";
				VERSION_INFO_PREFIX = "";
				WATCHOS_DEPLOYMENT_TARGET = 2.0;
			};
			name = Debug;
		};
		9A722F5D1C5A49AE0087908D /* Release */ = {
			isa = XCBuildConfiguration;
			buildSettings = {
				ALWAYS_SEARCH_USER_PATHS = NO;
				CLANG_ENABLE_MODULES = YES;
				CLANG_ENABLE_OBJC_ARC = YES;
				CLANG_WARN_BOOL_CONVERSION = YES;
				CLANG_WARN_CONSTANT_CONVERSION = YES;
				CLANG_WARN_DIRECT_OBJC_ISA_USAGE = YES_ERROR;
				CLANG_WARN_EMPTY_BODY = YES;
				CLANG_WARN_ENUM_CONVERSION = YES;
				CLANG_WARN_INT_CONVERSION = YES;
				CLANG_WARN_OBJC_ROOT_CLASS = YES_ERROR;
				CLANG_WARN_UNREACHABLE_CODE = YES;
				CLANG_WARN__DUPLICATE_METHOD_MATCH = YES;
				"CODE_SIGN_IDENTITY[sdk=iphoneos*]" = "iPhone Developer";
				COPY_PHASE_STRIP = NO;
				CURRENT_PROJECT_VERSION = 1;
				DEBUG_INFORMATION_FORMAT = "dwarf-with-dsym";
				ENABLE_NS_ASSERTIONS = NO;
				ENABLE_STRICT_OBJC_MSGSEND = YES;
				GCC_NO_COMMON_BLOCKS = YES;
				GCC_WARN_64_TO_32_BIT_CONVERSION = YES;
				GCC_WARN_ABOUT_RETURN_TYPE = YES_ERROR;
				GCC_WARN_UNDECLARED_SELECTOR = YES;
				GCC_WARN_UNINITIALIZED_AUTOS = YES_AGGRESSIVE;
				GCC_WARN_UNUSED_FUNCTION = YES;
				GCC_WARN_UNUSED_VARIABLE = YES;
				IPHONEOS_DEPLOYMENT_TARGET = 8.0;
				MACOSX_DEPLOYMENT_TARGET = 10.10;
				MTL_ENABLE_DEBUG_INFO = NO;
				SDKROOT = iphoneos;
				TARGETED_DEVICE_FAMILY = "1,2";
				TVOS_DEPLOYMENT_TARGET = 9.0;
				VALIDATE_PRODUCT = YES;
				VERSIONING_SYSTEM = "apple-generic";
				VERSION_INFO_PREFIX = "";
				WATCHOS_DEPLOYMENT_TARGET = 2.0;
			};
			name = Release;
		};
		9A722F5F1C5A49AE0087908D /* Debug */ = {
			isa = XCBuildConfiguration;
			buildSettings = {
				CLANG_ENABLE_MODULES = YES;
				DEFINES_MODULE = YES;
				DYLIB_COMPATIBILITY_VERSION = 1;
				DYLIB_CURRENT_VERSION = 1;
				DYLIB_INSTALL_NAME_BASE = "@rpath";
				INFOPLIST_FILE = "$(SRCROOT)/Supporting files/Framework.plist";
				INSTALL_PATH = "$(LOCAL_LIBRARY_DIR)/Frameworks";
				LD_RUNPATH_SEARCH_PATHS = "$(inherited) @executable_path/Frameworks @loader_path/Frameworks";
				PRODUCT_BUNDLE_IDENTIFIER = com.mlsdev.TRON;
				PRODUCT_NAME = TRON;
				SKIP_INSTALL = YES;
				SWIFT_OPTIMIZATION_LEVEL = "-Onone";
			};
			name = Debug;
		};
		9A722F601C5A49AE0087908D /* Release */ = {
			isa = XCBuildConfiguration;
			buildSettings = {
				CLANG_ENABLE_MODULES = YES;
				DEFINES_MODULE = YES;
				DYLIB_COMPATIBILITY_VERSION = 1;
				DYLIB_CURRENT_VERSION = 1;
				DYLIB_INSTALL_NAME_BASE = "@rpath";
				INFOPLIST_FILE = "$(SRCROOT)/Supporting files/Framework.plist";
				INSTALL_PATH = "$(LOCAL_LIBRARY_DIR)/Frameworks";
				LD_RUNPATH_SEARCH_PATHS = "$(inherited) @executable_path/Frameworks @loader_path/Frameworks";
				PRODUCT_BUNDLE_IDENTIFIER = com.mlsdev.TRON;
				PRODUCT_NAME = TRON;
				SKIP_INSTALL = YES;
			};
			name = Release;
		};
		9A722F621C5A49AE0087908D /* Debug */ = {
			isa = XCBuildConfiguration;
			buildSettings = {
				CLANG_ENABLE_MODULES = YES;
				INFOPLIST_FILE = "$(SRCROOT)/Supporting files/Tests.plist";
				LD_RUNPATH_SEARCH_PATHS = "$(inherited) @executable_path/Frameworks @loader_path/Frameworks";
				PRODUCT_BUNDLE_IDENTIFIER = com.mlsdev.TRONTests;
				PRODUCT_NAME = "$(TARGET_NAME)";
				SWIFT_OPTIMIZATION_LEVEL = "-Onone";
			};
			name = Debug;
		};
		9A722F631C5A49AE0087908D /* Release */ = {
			isa = XCBuildConfiguration;
			buildSettings = {
				CLANG_ENABLE_MODULES = YES;
				INFOPLIST_FILE = "$(SRCROOT)/Supporting files/Tests.plist";
				LD_RUNPATH_SEARCH_PATHS = "$(inherited) @executable_path/Frameworks @loader_path/Frameworks";
				PRODUCT_BUNDLE_IDENTIFIER = com.mlsdev.TRONTests;
				PRODUCT_NAME = "$(TARGET_NAME)";
			};
			name = Release;
		};
/* End XCBuildConfiguration section */

/* Begin XCConfigurationList section */
		9A1024A31C5F806A006E0163 /* Build configuration list for PBXNativeTarget "TRON OSX" */ = {
			isa = XCConfigurationList;
			buildConfigurations = (
				9A1024A41C5F806A006E0163 /* Debug */,
				9A1024A51C5F806A006E0163 /* Release */,
			);
			defaultConfigurationIsVisible = 0;
			defaultConfigurationName = Release;
		};
		9A1024A61C5F806A006E0163 /* Build configuration list for PBXNativeTarget "TRON OSXTests" */ = {
			isa = XCConfigurationList;
			buildConfigurations = (
				9A1024A71C5F806A006E0163 /* Debug */,
				9A1024A81C5F806A006E0163 /* Release */,
			);
			defaultConfigurationIsVisible = 0;
			defaultConfigurationName = Release;
		};
		9A1024DB1C5F8169006E0163 /* Build configuration list for PBXNativeTarget "TRON tvOS" */ = {
			isa = XCConfigurationList;
			buildConfigurations = (
				9A1024DC1C5F8169006E0163 /* Debug */,
				9A1024DD1C5F8169006E0163 /* Release */,
			);
			defaultConfigurationIsVisible = 0;
			defaultConfigurationName = Release;
		};
		9A1024DE1C5F8169006E0163 /* Build configuration list for PBXNativeTarget "TRON tvOSTests" */ = {
			isa = XCConfigurationList;
			buildConfigurations = (
				9A1024DF1C5F8169006E0163 /* Debug */,
				9A1024E01C5F8169006E0163 /* Release */,
			);
			defaultConfigurationIsVisible = 0;
			defaultConfigurationName = Release;
		};
		9A1025041C5F8240006E0163 /* Build configuration list for PBXNativeTarget "TRON watchOS" */ = {
			isa = XCConfigurationList;
			buildConfigurations = (
				9A1025051C5F8240006E0163 /* Debug */,
				9A1025061C5F8240006E0163 /* Release */,
			);
			defaultConfigurationIsVisible = 0;
			defaultConfigurationName = Release;
		};
		9A704E741C5D01B300392DE5 /* Build configuration list for PBXNativeTarget "Example" */ = {
			isa = XCConfigurationList;
			buildConfigurations = (
				9A704E5E1C5D01B300392DE5 /* Debug */,
				9A704E5F1C5D01B300392DE5 /* Release */,
			);
			defaultConfigurationIsVisible = 0;
			defaultConfigurationName = Release;
		};
		9A722F441C5A49AE0087908D /* Build configuration list for PBXProject "TRON" */ = {
			isa = XCConfigurationList;
			buildConfigurations = (
				9A722F5C1C5A49AE0087908D /* Debug */,
				9A722F5D1C5A49AE0087908D /* Release */,
			);
			defaultConfigurationIsVisible = 0;
			defaultConfigurationName = Release;
		};
		9A722F5E1C5A49AE0087908D /* Build configuration list for PBXNativeTarget "TRON iOS" */ = {
			isa = XCConfigurationList;
			buildConfigurations = (
				9A722F5F1C5A49AE0087908D /* Debug */,
				9A722F601C5A49AE0087908D /* Release */,
			);
			defaultConfigurationIsVisible = 0;
			defaultConfigurationName = Release;
		};
		9A722F611C5A49AE0087908D /* Build configuration list for PBXNativeTarget "TRON iOS Tests" */ = {
			isa = XCConfigurationList;
			buildConfigurations = (
				9A722F621C5A49AE0087908D /* Debug */,
				9A722F631C5A49AE0087908D /* Release */,
			);
			defaultConfigurationIsVisible = 0;
			defaultConfigurationName = Release;
		};
/* End XCConfigurationList section */
	};
	rootObject = 9A722F411C5A49AE0087908D /* Project object */;
}
